<?xml version="1.0" encoding="utf-8"?>
<Project ToolsVersion="4.0" xmlns="http://schemas.microsoft.com/developer/msbuild/2003">
  <ItemGroup>
    <ClCompile Include="source\main.cpp" />
    <ClCompile Include="source\Load.cpp" />
    <ClCompile Include="source\Menu.cpp" />
    <ClCompile Include="source\Game.cpp" />
  </ItemGroup>
  <ItemGroup>
    <ClInclude Include="source\Load.hpp" />
    <ClInclude Include="source\Menu.hpp" />
    <ClInclude Include="source\Game.hpp" />
  </ItemGroup>
</Project>