
Microsoft Visual Studio Solution File, Format Version 12.00
# Visual Studio Version 16
VisualStudioVersion = 16.0.31702.278
MinimumVisualStudioVersion = 10.0.40219.1
Project("{8BC9CEB8-8B4A-11D0-8D11-00A0C91BC942}") = "dependencies", "dependencies\dependencies.vcxproj", "{5DD4A29C-3088-478D-A980-4C2AA12ACC74}"
EndProject
Project("{8BC9CEB8-8B4A-11D0-8D11-00A0C91BC942}") = "galaxy", "galaxy\galaxy.vcxproj", "{51012BCD-3AB4-404A-9FDC-70505C0E390E}"
	ProjectSection(ProjectDependencies) = postProject
		{727DC329-6FC3-3B26-9FD7-72FDA0701BD8} = {727DC329-6FC3-3B26-9FD7-72FDA0701BD8}
		{A4973E32-7990-331E-8C19-49F25359468E} = {A4973E32-7990-331E-8C19-49F25359468E}
		{79195635-D14B-3D3E-9D29-9AE0203AD163} = {79195635-D14B-3D3E-9D29-9AE0203AD163}
		{F2B01078-6E34-3B40-8443-1ACECD04F415} = {F2B01078-6E34-3B40-8443-1ACECD04F415}
		{52EB9995-848F-3827-9DFB-FBAE5E3E8DF1} = {52EB9995-848F-3827-9DFB-FBAE5E3E8DF1}
		{5DD4A29C-3088-478D-A980-4C2AA12ACC74} = {5DD4A29C-3088-478D-A980-4C2AA12ACC74}
		{0CBB84A0-C760-31A2-8302-67233B9F4F57} = {0CBB84A0-C760-31A2-8302-67233B9F4F57}
		{82FB4BB6-9165-3545-9BFF-CE55C24E679C} = {82FB4BB6-9165-3545-9BFF-CE55C24E679C}
		{1DE38EE5-1D09-3521-A330-91BD6C984D12} = {1DE38EE5-1D09-3521-A330-91BD6C984D12}
	EndProjectSection
EndProject
Project("{8BC9CEB8-8B4A-11D0-8D11-00A0C91BC942}") = "SandboxTests", "sandbox_tests\SandboxTests.vcxproj", "{F339E843-D927-48F0-B7D7-21931085ACF4}"
	ProjectSection(ProjectDependencies) = postProject
		{51012BCD-3AB4-404A-9FDC-70505C0E390E} = {51012BCD-3AB4-404A-9FDC-70505C0E390E}
	EndProjectSection
EndProject
Project("{8BC9CEB8-8B4A-11D0-8D11-00A0C91BC942}") = "Supercluster", "supercluster\Supercluster.vcxproj", "{0036DF33-F69D-48AA-9C37-D09881A8EDD3}"
	ProjectSection(ProjectDependencies) = postProject
		{51012BCD-3AB4-404A-9FDC-70505C0E390E} = {51012BCD-3AB4-404A-9FDC-70505C0E390E}
	EndProjectSection
EndProject
Project("{8BC9CEB8-8B4A-11D0-8D11-00A0C91BC942}") = "Tests", "tests\Tests.vcxproj", "{482FD07C-A2E7-457D-B988-EB2C11EF9A75}"
	ProjectSection(ProjectDependencies) = postProject
		{51012BCD-3AB4-404A-9FDC-70505C0E390E} = {51012BCD-3AB4-404A-9FDC-70505C0E390E}
	EndProjectSection
EndProject
Project("{2150E333-8FDC-42A3-9474-1A3956D46DE8}") = "External", "External", "{73F19B5B-25B8-40BD-8456-C5741EE6F1C7}"
EndProject
Project("{8BC9CEB8-8B4A-11D0-8D11-00A0C91BC942}") = "efsw", "build\dependencies\efsw\efsw.vcxproj", "{0CBB84A0-C760-31A2-8302-67233B9F4F57}"
	ProjectSection(ProjectDependencies) = postProject
		{5DD4A29C-3088-478D-A980-4C2AA12ACC74} = {5DD4A29C-3088-478D-A980-4C2AA12ACC74}
	EndProjectSection
EndProject
Project("{8BC9CEB8-8B4A-11D0-8D11-00A0C91BC942}") = "glfw", "build\dependencies\glfw3\src\glfw.vcxproj", "{79195635-D14B-3D3E-9D29-9AE0203AD163}"
	ProjectSection(ProjectDependencies) = postProject
		{5DD4A29C-3088-478D-A980-4C2AA12ACC74} = {5DD4A29C-3088-478D-A980-4C2AA12ACC74}
	EndProjectSection
EndProject
Project("{8BC9CEB8-8B4A-11D0-8D11-00A0C91BC942}") = "common", "build\dependencies\openal\common.vcxproj", "{F2B01078-6E34-3B40-8443-1ACECD04F415}"
	ProjectSection(ProjectDependencies) = postProject
		{5DD4A29C-3088-478D-A980-4C2AA12ACC74} = {5DD4A29C-3088-478D-A980-4C2AA12ACC74}
	EndProjectSection
EndProject
Project("{8BC9CEB8-8B4A-11D0-8D11-00A0C91BC942}") = "OpenAL", "build\dependencies\openal\OpenAL.vcxproj", "{A4973E32-7990-331E-8C19-49F25359468E}"
	ProjectSection(ProjectDependencies) = postProject
		{5DD4A29C-3088-478D-A980-4C2AA12ACC74} = {5DD4A29C-3088-478D-A980-4C2AA12ACC74}
	EndProjectSection
EndProject
Project("{8BC9CEB8-8B4A-11D0-8D11-00A0C91BC942}") = "zlib", "build\dependencies\zlib-ng\zlib.vcxproj", "{82FB4BB6-9165-3545-9BFF-CE55C24E679C}"
	ProjectSection(ProjectDependencies) = postProject
		{5DD4A29C-3088-478D-A980-4C2AA12ACC74} = {5DD4A29C-3088-478D-A980-4C2AA12ACC74}
	EndProjectSection
EndProject
Project("{8BC9CEB8-8B4A-11D0-8D11-00A0C91BC942}") = "RmlCore", "build\dependencies\RmlUi\RmlCore.vcxproj", "{52EB9995-848F-3827-9DFB-FBAE5E3E8DF1}"
	ProjectSection(ProjectDependencies) = postProject
		{5DD4A29C-3088-478D-A980-4C2AA12ACC74} = {5DD4A29C-3088-478D-A980-4C2AA12ACC74}
	EndProjectSection
EndProject
Project("{8BC9CEB8-8B4A-11D0-8D11-00A0C91BC942}") = "RmlDebugger", "build\dependencies\RmlUi\RmlDebugger.vcxproj", "{727DC329-6FC3-3B26-9FD7-72FDA0701BD8}"
	ProjectSection(ProjectDependencies) = postProject
		{5DD4A29C-3088-478D-A980-4C2AA12ACC74} = {5DD4A29C-3088-478D-A980-4C2AA12ACC74}
	EndProjectSection
EndProject
Project("{8BC9CEB8-8B4A-11D0-8D11-00A0C91BC942}") = "RmlLua", "build\dependencies\RmlUi\RmlLua.vcxproj", "{1DE38EE5-1D09-3521-A330-91BD6C984D12}"
	ProjectSection(ProjectDependencies) = postProject
		{5DD4A29C-3088-478D-A980-4C2AA12ACC74} = {5DD4A29C-3088-478D-A980-4C2AA12ACC74}
	EndProjectSection
EndProject
Global
	GlobalSection(SolutionConfigurationPlatforms) = preSolution
		Debug|x64 = Debug|x64
		Release|x64 = Release|x64
	EndGlobalSection
	GlobalSection(ProjectConfigurationPlatforms) = postSolution
		{5DD4A29C-3088-478D-A980-4C2AA12ACC74}.Debug|x64.ActiveCfg = Debug|x64
		{5DD4A29C-3088-478D-A980-4C2AA12ACC74}.Debug|x64.Build.0 = Debug|x64
		{5DD4A29C-3088-478D-A980-4C2AA12ACC74}.Release|x64.ActiveCfg = Release|x64
		{5DD4A29C-3088-478D-A980-4C2AA12ACC74}.Release|x64.Build.0 = Release|x64
		{51012BCD-3AB4-404A-9FDC-70505C0E390E}.Debug|x64.ActiveCfg = Debug|x64
		{51012BCD-3AB4-404A-9FDC-70505C0E390E}.Debug|x64.Build.0 = Debug|x64
		{51012BCD-3AB4-404A-9FDC-70505C0E390E}.Release|x64.ActiveCfg = Release|x64
		{51012BCD-3AB4-404A-9FDC-70505C0E390E}.Release|x64.Build.0 = Release|x64
		{F339E843-D927-48F0-B7D7-21931085ACF4}.Debug|x64.ActiveCfg = Debug|x64
		{F339E843-D927-48F0-B7D7-21931085ACF4}.Debug|x64.Build.0 = Debug|x64
		{F339E843-D927-48F0-B7D7-21931085ACF4}.Release|x64.ActiveCfg = Release|x64
		{F339E843-D927-48F0-B7D7-21931085ACF4}.Release|x64.Build.0 = Release|x64
		{0036DF33-F69D-48AA-9C37-D09881A8EDD3}.Debug|x64.ActiveCfg = Debug|x64
		{0036DF33-F69D-48AA-9C37-D09881A8EDD3}.Debug|x64.Build.0 = Debug|x64
		{0036DF33-F69D-48AA-9C37-D09881A8EDD3}.Release|x64.ActiveCfg = Release|x64
		{0036DF33-F69D-48AA-9C37-D09881A8EDD3}.Release|x64.Build.0 = Release|x64
		{482FD07C-A2E7-457D-B988-EB2C11EF9A75}.Debug|x64.ActiveCfg = Debug|x64
		{482FD07C-A2E7-457D-B988-EB2C11EF9A75}.Debug|x64.Build.0 = Debug|x64
		{482FD07C-A2E7-457D-B988-EB2C11EF9A75}.Release|x64.ActiveCfg = Release|x64
		{482FD07C-A2E7-457D-B988-EB2C11EF9A75}.Release|x64.Build.0 = Release|x64
		{0CBB84A0-C760-31A2-8302-67233B9F4F57}.Debug|x64.ActiveCfg = Debug|x64
		{0CBB84A0-C760-31A2-8302-67233B9F4F57}.Debug|x64.Build.0 = Debug|x64
		{0CBB84A0-C760-31A2-8302-67233B9F4F57}.Release|x64.ActiveCfg = Release|x64
		{0CBB84A0-C760-31A2-8302-67233B9F4F57}.Release|x64.Build.0 = Release|x64
		{79195635-D14B-3D3E-9D29-9AE0203AD163}.Debug|x64.ActiveCfg = Debug|x64
		{79195635-D14B-3D3E-9D29-9AE0203AD163}.Debug|x64.Build.0 = Debug|x64
		{79195635-D14B-3D3E-9D29-9AE0203AD163}.Release|x64.ActiveCfg = Release|x64
		{79195635-D14B-3D3E-9D29-9AE0203AD163}.Release|x64.Build.0 = Release|x64
		{F2B01078-6E34-3B40-8443-1ACECD04F415}.Debug|x64.ActiveCfg = Debug|x64
		{F2B01078-6E34-3B40-8443-1ACECD04F415}.Debug|x64.Build.0 = Debug|x64
		{F2B01078-6E34-3B40-8443-1ACECD04F415}.Release|x64.ActiveCfg = Release|x64
		{F2B01078-6E34-3B40-8443-1ACECD04F415}.Release|x64.Build.0 = Release|x64
		{A4973E32-7990-331E-8C19-49F25359468E}.Debug|x64.ActiveCfg = Debug|x64
		{A4973E32-7990-331E-8C19-49F25359468E}.Debug|x64.Build.0 = Debug|x64
		{A4973E32-7990-331E-8C19-49F25359468E}.Release|x64.ActiveCfg = Release|x64
		{A4973E32-7990-331E-8C19-49F25359468E}.Release|x64.Build.0 = Release|x64
		{82FB4BB6-9165-3545-9BFF-CE55C24E679C}.Debug|x64.ActiveCfg = Debug|x64
		{82FB4BB6-9165-3545-9BFF-CE55C24E679C}.Debug|x64.Build.0 = Debug|x64
		{82FB4BB6-9165-3545-9BFF-CE55C24E679C}.Release|x64.ActiveCfg = Release|x64
		{82FB4BB6-9165-3545-9BFF-CE55C24E679C}.Release|x64.Build.0 = Release|x64
		{52EB9995-848F-3827-9DFB-FBAE5E3E8DF1}.Debug|x64.ActiveCfg = Debug|x64
		{52EB9995-848F-3827-9DFB-FBAE5E3E8DF1}.Debug|x64.Build.0 = Debug|x64
		{52EB9995-848F-3827-9DFB-FBAE5E3E8DF1}.Release|x64.ActiveCfg = Release|x64
		{52EB9995-848F-3827-9DFB-FBAE5E3E8DF1}.Release|x64.Build.0 = Release|x64
		{727DC329-6FC3-3B26-9FD7-72FDA0701BD8}.Debug|x64.ActiveCfg = Debug|x64
		{727DC329-6FC3-3B26-9FD7-72FDA0701BD8}.Debug|x64.Build.0 = Debug|x64
		{727DC329-6FC3-3B26-9FD7-72FDA0701BD8}.Release|x64.ActiveCfg = Release|x64
		{727DC329-6FC3-3B26-9FD7-72FDA0701BD8}.Release|x64.Build.0 = Release|x64
		{1DE38EE5-1D09-3521-A330-91BD6C984D12}.Debug|x64.ActiveCfg = Debug|x64
		{1DE38EE5-1D09-3521-A330-91BD6C984D12}.Debug|x64.Build.0 = Debug|x64
		{1DE38EE5-1D09-3521-A330-91BD6C984D12}.Release|x64.ActiveCfg = Release|x64
		{1DE38EE5-1D09-3521-A330-91BD6C984D12}.Release|x64.Build.0 = Release|x64
	EndGlobalSection
	GlobalSection(SolutionProperties) = preSolution
		HideSolutionNode = FALSE
	EndGlobalSection
	GlobalSection(NestedProjects) = preSolution
		{0CBB84A0-C760-31A2-8302-67233B9F4F57} = {73F19B5B-25B8-40BD-8456-C5741EE6F1C7}
		{79195635-D14B-3D3E-9D29-9AE0203AD163} = {73F19B5B-25B8-40BD-8456-C5741EE6F1C7}
		{F2B01078-6E34-3B40-8443-1ACECD04F415} = {73F19B5B-25B8-40BD-8456-C5741EE6F1C7}
		{A4973E32-7990-331E-8C19-49F25359468E} = {73F19B5B-25B8-40BD-8456-C5741EE6F1C7}
		{82FB4BB6-9165-3545-9BFF-CE55C24E679C} = {73F19B5B-25B8-40BD-8456-C5741EE6F1C7}
		{52EB9995-848F-3827-9DFB-FBAE5E3E8DF1} = {73F19B5B-25B8-40BD-8456-C5741EE6F1C7}
		{727DC329-6FC3-3B26-9FD7-72FDA0701BD8} = {73F19B5B-25B8-40BD-8456-C5741EE6F1C7}
		{1DE38EE5-1D09-3521-A330-91BD6C984D12} = {73F19B5B-25B8-40BD-8456-C5741EE6F1C7}
	EndGlobalSection
	GlobalSection(ExtensibilityGlobals) = postSolution
		SolutionGuid = {2EB53A3E-5180-4798-9238-DE2599999684}
	EndGlobalSection
EndGlobal
