Microsoft Visual Studio Solution File, Format Version 12.00
# Visual Studio Version 16
VisualStudioVersion = 16.0.29613.14
MinimumVisualStudioVersion = 10.0.40219.1
Project("{8BC9CEB8-8B4A-11D0-8D11-00A0C91BC942}") = "frb", "galaxy\frb\frb.vcxproj", "{335DDDB8-29CF-49D5-B6A9-5F2041BFAA5F}"
	ProjectSection(ProjectDependencies) = postProject
		{F300952E-0D01-4A04-887D-BD2C63130384} = {F300952E-0D01-4A04-887D-BD2C63130384}
		{415D373E-CF11-44DD-950D-6F819FDBB823} = {415D373E-CF11-44DD-950D-6F819FDBB823}
		{88A54A44-3166-44C5-8C47-6AB70DA30D7A} = {88A54A44-3166-44C5-8C47-6AB70DA30D7A}
	EndProjectSection
EndProject
Project("{8BC9CEB8-8B4A-11D0-8D11-00A0C91BC942}") = "galaxy", "galaxy\galaxy\galaxy.vcxproj", "{24A73AC2-A971-47D0-905A-7AFB76684687}"
	ProjectSection(ProjectDependencies) = postProject
		{CE6BDD18-C26A-4858-BD20-CD1AF12BDFBD} = {CE6BDD18-C26A-4858-BD20-CD1AF12BDFBD}
		{F300952E-0D01-4A04-887D-BD2C63130384} = {F300952E-0D01-4A04-887D-BD2C63130384}
		{415D373E-CF11-44DD-950D-6F819FDBB823} = {415D373E-CF11-44DD-950D-6F819FDBB823}
		{88A54A44-3166-44C5-8C47-6AB70DA30D7A} = {88A54A44-3166-44C5-8C47-6AB70DA30D7A}
		{3805D366-53D2-4DA8-B368-A9F888C4296C} = {3805D366-53D2-4DA8-B368-A9F888C4296C}
		{E7B92568-222A-4121-8EA6-8C9664E38DFE} = {E7B92568-222A-4121-8EA6-8C9664E38DFE}
		{E88349AB-EAC6-4C2B-A778-06181CDE4FCA} = {E88349AB-EAC6-4C2B-A778-06181CDE4FCA}
		{335DDDB8-29CF-49D5-B6A9-5F2041BFAA5F} = {335DDDB8-29CF-49D5-B6A9-5F2041BFAA5F}
		{CE3E74C5-2C0F-4063-8983-7468E868D286} = {CE3E74C5-2C0F-4063-8983-7468E868D286}
	EndProjectSection
EndProject
Project("{8BC9CEB8-8B4A-11D0-8D11-00A0C91BC942}") = "protostar", "galaxy\protostar\protostar.vcxproj", "{415D373E-CF11-44DD-950D-6F819FDBB823}"
	ProjectSection(ProjectDependencies) = postProject
		{F300952E-0D01-4A04-887D-BD2C63130384} = {F300952E-0D01-4A04-887D-BD2C63130384}
		{88A54A44-3166-44C5-8C47-6AB70DA30D7A} = {88A54A44-3166-44C5-8C47-6AB70DA30D7A}
	EndProjectSection
EndProject
Project("{8BC9CEB8-8B4A-11D0-8D11-00A0C91BC942}") = "pulsar", "galaxy\pulsar\pulsar.vcxproj", "{F300952E-0D01-4A04-887D-BD2C63130384}"
EndProject
Project("{8BC9CEB8-8B4A-11D0-8D11-00A0C91BC942}") = "quasar", "galaxy\quasar\quasar.vcxproj", "{CE3E74C5-2C0F-4063-8983-7468E868D286}"
	ProjectSection(ProjectDependencies) = postProject
		{F300952E-0D01-4A04-887D-BD2C63130384} = {F300952E-0D01-4A04-887D-BD2C63130384}
		{415D373E-CF11-44DD-950D-6F819FDBB823} = {415D373E-CF11-44DD-950D-6F819FDBB823}
		{88A54A44-3166-44C5-8C47-6AB70DA30D7A} = {88A54A44-3166-44C5-8C47-6AB70DA30D7A}
	EndProjectSection
EndProject
Project("{8BC9CEB8-8B4A-11D0-8D11-00A0C91BC942}") = "redshift", "galaxy\redshift\redshift.vcxproj", "{E88349AB-EAC6-4C2B-A778-06181CDE4FCA}"
	ProjectSection(ProjectDependencies) = postProject
		{F300952E-0D01-4A04-887D-BD2C63130384} = {F300952E-0D01-4A04-887D-BD2C63130384}
		{415D373E-CF11-44DD-950D-6F819FDBB823} = {415D373E-CF11-44DD-950D-6F819FDBB823}
		{88A54A44-3166-44C5-8C47-6AB70DA30D7A} = {88A54A44-3166-44C5-8C47-6AB70DA30D7A}
	EndProjectSection
EndProject
Project("{8BC9CEB8-8B4A-11D0-8D11-00A0C91BC942}") = "solar", "galaxy\solar\solar.vcxproj", "{3805D366-53D2-4DA8-B368-A9F888C4296C}"
	ProjectSection(ProjectDependencies) = postProject
		{F300952E-0D01-4A04-887D-BD2C63130384} = {F300952E-0D01-4A04-887D-BD2C63130384}
		{415D373E-CF11-44DD-950D-6F819FDBB823} = {415D373E-CF11-44DD-950D-6F819FDBB823}
		{88A54A44-3166-44C5-8C47-6AB70DA30D7A} = {88A54A44-3166-44C5-8C47-6AB70DA30D7A}
	EndProjectSection
EndProject
Project("{8BC9CEB8-8B4A-11D0-8D11-00A0C91BC942}") = "starlight", "galaxy\starlight\starlight.vcxproj", "{E7B92568-222A-4121-8EA6-8C9664E38DFE}"
	ProjectSection(ProjectDependencies) = postProject
		{F300952E-0D01-4A04-887D-BD2C63130384} = {F300952E-0D01-4A04-887D-BD2C63130384}
		{415D373E-CF11-44DD-950D-6F819FDBB823} = {415D373E-CF11-44DD-950D-6F819FDBB823}
		{88A54A44-3166-44C5-8C47-6AB70DA30D7A} = {88A54A44-3166-44C5-8C47-6AB70DA30D7A}
	EndProjectSection
EndProject
Project("{8BC9CEB8-8B4A-11D0-8D11-00A0C91BC942}") = "starmap", "galaxy\starmap\starmap.vcxproj", "{CE6BDD18-C26A-4858-BD20-CD1AF12BDFBD}"
	ProjectSection(ProjectDependencies) = postProject
		{F300952E-0D01-4A04-887D-BD2C63130384} = {F300952E-0D01-4A04-887D-BD2C63130384}
		{415D373E-CF11-44DD-950D-6F819FDBB823} = {415D373E-CF11-44DD-950D-6F819FDBB823}
		{88A54A44-3166-44C5-8C47-6AB70DA30D7A} = {88A54A44-3166-44C5-8C47-6AB70DA30D7A}
	EndProjectSection
EndProject
Project("{2150E333-8FDC-42A3-9474-1A3956D46DE8}") = "Misc", "Misc", "{123B8232-E2BC-482B-B943-CA33F78BE965}"
	ProjectSection(SolutionItems) = preProject
		TODO.txt = TODO.txt
	EndProjectSection
EndProject
Project("{8BC9CEB8-8B4A-11D0-8D11-00A0C91BC942}") = "deps", "galaxy\deps\deps.vcxproj", "{88A54A44-3166-44C5-8C47-6AB70DA30D7A}"
	ProjectSection(ProjectDependencies) = postProject
		{F300952E-0D01-4A04-887D-BD2C63130384} = {F300952E-0D01-4A04-887D-BD2C63130384}
	EndProjectSection
EndProject
Project("{2150E333-8FDC-42A3-9474-1A3956D46DE8}") = "Modules", "Modules", "{99DBD486-71AE-456E-A1EF-2E4B5093BB10}"
EndProject
Project("{8BC9CEB8-8B4A-11D0-8D11-00A0C91BC942}") = "supercluster", "supercluster\supercluster.vcxproj", "{3C769066-A841-40DE-BD25-0219CD60DAD3}"
	ProjectSection(ProjectDependencies) = postProject
		{CE6BDD18-C26A-4858-BD20-CD1AF12BDFBD} = {CE6BDD18-C26A-4858-BD20-CD1AF12BDFBD}
		{F300952E-0D01-4A04-887D-BD2C63130384} = {F300952E-0D01-4A04-887D-BD2C63130384}
		{415D373E-CF11-44DD-950D-6F819FDBB823} = {415D373E-CF11-44DD-950D-6F819FDBB823}
		{88A54A44-3166-44C5-8C47-6AB70DA30D7A} = {88A54A44-3166-44C5-8C47-6AB70DA30D7A}
		{3805D366-53D2-4DA8-B368-A9F888C4296C} = {3805D366-53D2-4DA8-B368-A9F888C4296C}
		{E7B92568-222A-4121-8EA6-8C9664E38DFE} = {E7B92568-222A-4121-8EA6-8C9664E38DFE}
		{E88349AB-EAC6-4C2B-A778-06181CDE4FCA} = {E88349AB-EAC6-4C2B-A778-06181CDE4FCA}
		{335DDDB8-29CF-49D5-B6A9-5F2041BFAA5F} = {335DDDB8-29CF-49D5-B6A9-5F2041BFAA5F}
		{24A73AC2-A971-47D0-905A-7AFB76684687} = {24A73AC2-A971-47D0-905A-7AFB76684687}
		{CE3E74C5-2C0F-4063-8983-7468E868D286} = {CE3E74C5-2C0F-4063-8983-7468E868D286}
	EndProjectSection
EndProject
Project("{8BC9CEB8-8B4A-11D0-8D11-00A0C91BC942}") = "tests", "tests\tests.vcxproj", "{6B67089A-B2FF-4040-9A6E-9E300CEFECDF}"
	ProjectSection(ProjectDependencies) = postProject
		{CE6BDD18-C26A-4858-BD20-CD1AF12BDFBD} = {CE6BDD18-C26A-4858-BD20-CD1AF12BDFBD}
		{F300952E-0D01-4A04-887D-BD2C63130384} = {F300952E-0D01-4A04-887D-BD2C63130384}
		{415D373E-CF11-44DD-950D-6F819FDBB823} = {415D373E-CF11-44DD-950D-6F819FDBB823}
		{88A54A44-3166-44C5-8C47-6AB70DA30D7A} = {88A54A44-3166-44C5-8C47-6AB70DA30D7A}
		{3805D366-53D2-4DA8-B368-A9F888C4296C} = {3805D366-53D2-4DA8-B368-A9F888C4296C}
		{E7B92568-222A-4121-8EA6-8C9664E38DFE} = {E7B92568-222A-4121-8EA6-8C9664E38DFE}
		{E88349AB-EAC6-4C2B-A778-06181CDE4FCA} = {E88349AB-EAC6-4C2B-A778-06181CDE4FCA}
		{335DDDB8-29CF-49D5-B6A9-5F2041BFAA5F} = {335DDDB8-29CF-49D5-B6A9-5F2041BFAA5F}
		{24A73AC2-A971-47D0-905A-7AFB76684687} = {24A73AC2-A971-47D0-905A-7AFB76684687}
		{CE3E74C5-2C0F-4063-8983-7468E868D286} = {CE3E74C5-2C0F-4063-8983-7468E868D286}
	EndProjectSection
EndProject
Global
	GlobalSection(SolutionConfigurationPlatforms) = preSolution
		Debug|Win32 = Debug|Win32
		Debug|x64 = Debug|x64
		Release|Win32 = Release|Win32
		Release|x64 = Release|x64
	EndGlobalSection
	GlobalSection(ProjectConfigurationPlatforms) = postSolution
		{335DDDB8-29CF-49D5-B6A9-5F2041BFAA5F}.Debug|Win32.ActiveCfg = Debug|Win32
		{335DDDB8-29CF-49D5-B6A9-5F2041BFAA5F}.Debug|Win32.Build.0 = Debug|Win32
		{335DDDB8-29CF-49D5-B6A9-5F2041BFAA5F}.Debug|x64.ActiveCfg = Debug|x64
		{335DDDB8-29CF-49D5-B6A9-5F2041BFAA5F}.Debug|x64.Build.0 = Debug|x64
		{335DDDB8-29CF-49D5-B6A9-5F2041BFAA5F}.Release|Win32.ActiveCfg = Release|Win32
		{335DDDB8-29CF-49D5-B6A9-5F2041BFAA5F}.Release|Win32.Build.0 = Release|Win32
		{335DDDB8-29CF-49D5-B6A9-5F2041BFAA5F}.Release|x64.ActiveCfg = Release|x64
		{335DDDB8-29CF-49D5-B6A9-5F2041BFAA5F}.Release|x64.Build.0 = Release|x64
		{24A73AC2-A971-47D0-905A-7AFB76684687}.Debug|Win32.ActiveCfg = Debug|Win32
		{24A73AC2-A971-47D0-905A-7AFB76684687}.Debug|Win32.Build.0 = Debug|Win32
		{24A73AC2-A971-47D0-905A-7AFB76684687}.Debug|x64.ActiveCfg = Debug|x64
		{24A73AC2-A971-47D0-905A-7AFB76684687}.Debug|x64.Build.0 = Debug|x64
		{24A73AC2-A971-47D0-905A-7AFB76684687}.Release|Win32.ActiveCfg = Release|Win32
		{24A73AC2-A971-47D0-905A-7AFB76684687}.Release|Win32.Build.0 = Release|Win32
		{24A73AC2-A971-47D0-905A-7AFB76684687}.Release|x64.ActiveCfg = Release|x64
		{24A73AC2-A971-47D0-905A-7AFB76684687}.Release|x64.Build.0 = Release|x64
		{415D373E-CF11-44DD-950D-6F819FDBB823}.Debug|Win32.ActiveCfg = Debug|Win32
		{415D373E-CF11-44DD-950D-6F819FDBB823}.Debug|Win32.Build.0 = Debug|Win32
		{415D373E-CF11-44DD-950D-6F819FDBB823}.Debug|x64.ActiveCfg = Debug|x64
		{415D373E-CF11-44DD-950D-6F819FDBB823}.Debug|x64.Build.0 = Debug|x64
		{415D373E-CF11-44DD-950D-6F819FDBB823}.Release|Win32.ActiveCfg = Release|Win32
		{415D373E-CF11-44DD-950D-6F819FDBB823}.Release|Win32.Build.0 = Release|Win32
		{415D373E-CF11-44DD-950D-6F819FDBB823}.Release|x64.ActiveCfg = Release|x64
		{415D373E-CF11-44DD-950D-6F819FDBB823}.Release|x64.Build.0 = Release|x64
		{F300952E-0D01-4A04-887D-BD2C63130384}.Debug|Win32.ActiveCfg = Debug|Win32
		{F300952E-0D01-4A04-887D-BD2C63130384}.Debug|Win32.Build.0 = Debug|Win32
		{F300952E-0D01-4A04-887D-BD2C63130384}.Debug|x64.ActiveCfg = Debug|x64
		{F300952E-0D01-4A04-887D-BD2C63130384}.Debug|x64.Build.0 = Debug|x64
		{F300952E-0D01-4A04-887D-BD2C63130384}.Release|Win32.ActiveCfg = Release|Win32
		{F300952E-0D01-4A04-887D-BD2C63130384}.Release|Win32.Build.0 = Release|Win32
		{F300952E-0D01-4A04-887D-BD2C63130384}.Release|x64.ActiveCfg = Release|x64
		{F300952E-0D01-4A04-887D-BD2C63130384}.Release|x64.Build.0 = Release|x64
		{CE3E74C5-2C0F-4063-8983-7468E868D286}.Debug|Win32.ActiveCfg = Debug|Win32
		{CE3E74C5-2C0F-4063-8983-7468E868D286}.Debug|Win32.Build.0 = Debug|Win32
		{CE3E74C5-2C0F-4063-8983-7468E868D286}.Debug|x64.ActiveCfg = Debug|x64
		{CE3E74C5-2C0F-4063-8983-7468E868D286}.Debug|x64.Build.0 = Debug|x64
		{CE3E74C5-2C0F-4063-8983-7468E868D286}.Release|Win32.ActiveCfg = Release|Win32
		{CE3E74C5-2C0F-4063-8983-7468E868D286}.Release|Win32.Build.0 = Release|Win32
		{CE3E74C5-2C0F-4063-8983-7468E868D286}.Release|x64.ActiveCfg = Release|x64
		{CE3E74C5-2C0F-4063-8983-7468E868D286}.Release|x64.Build.0 = Release|x64
		{E88349AB-EAC6-4C2B-A778-06181CDE4FCA}.Debug|Win32.ActiveCfg = Debug|Win32
		{E88349AB-EAC6-4C2B-A778-06181CDE4FCA}.Debug|Win32.Build.0 = Debug|Win32
		{E88349AB-EAC6-4C2B-A778-06181CDE4FCA}.Debug|x64.ActiveCfg = Debug|x64
		{E88349AB-EAC6-4C2B-A778-06181CDE4FCA}.Debug|x64.Build.0 = Debug|x64
		{E88349AB-EAC6-4C2B-A778-06181CDE4FCA}.Release|Win32.ActiveCfg = Release|Win32
		{E88349AB-EAC6-4C2B-A778-06181CDE4FCA}.Release|Win32.Build.0 = Release|Win32
		{E88349AB-EAC6-4C2B-A778-06181CDE4FCA}.Release|x64.ActiveCfg = Release|x64
		{E88349AB-EAC6-4C2B-A778-06181CDE4FCA}.Release|x64.Build.0 = Release|x64
		{3805D366-53D2-4DA8-B368-A9F888C4296C}.Debug|Win32.ActiveCfg = Debug|Win32
		{3805D366-53D2-4DA8-B368-A9F888C4296C}.Debug|Win32.Build.0 = Debug|Win32
		{3805D366-53D2-4DA8-B368-A9F888C4296C}.Debug|x64.ActiveCfg = Debug|x64
		{3805D366-53D2-4DA8-B368-A9F888C4296C}.Debug|x64.Build.0 = Debug|x64
		{3805D366-53D2-4DA8-B368-A9F888C4296C}.Release|Win32.ActiveCfg = Release|Win32
		{3805D366-53D2-4DA8-B368-A9F888C4296C}.Release|Win32.Build.0 = Release|Win32
		{3805D366-53D2-4DA8-B368-A9F888C4296C}.Release|x64.ActiveCfg = Release|x64
		{3805D366-53D2-4DA8-B368-A9F888C4296C}.Release|x64.Build.0 = Release|x64
		{E7B92568-222A-4121-8EA6-8C9664E38DFE}.Debug|Win32.ActiveCfg = Debug|Win32
		{E7B92568-222A-4121-8EA6-8C9664E38DFE}.Debug|Win32.Build.0 = Debug|Win32
		{E7B92568-222A-4121-8EA6-8C9664E38DFE}.Debug|x64.ActiveCfg = Debug|x64
		{E7B92568-222A-4121-8EA6-8C9664E38DFE}.Debug|x64.Build.0 = Debug|x64
		{E7B92568-222A-4121-8EA6-8C9664E38DFE}.Release|Win32.ActiveCfg = Release|Win32
		{E7B92568-222A-4121-8EA6-8C9664E38DFE}.Release|Win32.Build.0 = Release|Win32
		{E7B92568-222A-4121-8EA6-8C9664E38DFE}.Release|x64.ActiveCfg = Release|x64
		{E7B92568-222A-4121-8EA6-8C9664E38DFE}.Release|x64.Build.0 = Release|x64
		{CE6BDD18-C26A-4858-BD20-CD1AF12BDFBD}.Debug|Win32.ActiveCfg = Debug|Win32
		{CE6BDD18-C26A-4858-BD20-CD1AF12BDFBD}.Debug|Win32.Build.0 = Debug|Win32
		{CE6BDD18-C26A-4858-BD20-CD1AF12BDFBD}.Debug|x64.ActiveCfg = Debug|x64
		{CE6BDD18-C26A-4858-BD20-CD1AF12BDFBD}.Debug|x64.Build.0 = Debug|x64
		{CE6BDD18-C26A-4858-BD20-CD1AF12BDFBD}.Release|Win32.ActiveCfg = Release|Win32
		{CE6BDD18-C26A-4858-BD20-CD1AF12BDFBD}.Release|Win32.Build.0 = Release|Win32
		{CE6BDD18-C26A-4858-BD20-CD1AF12BDFBD}.Release|x64.ActiveCfg = Release|x64
		{CE6BDD18-C26A-4858-BD20-CD1AF12BDFBD}.Release|x64.Build.0 = Release|x64
		{88A54A44-3166-44C5-8C47-6AB70DA30D7A}.Debug|Win32.ActiveCfg = Debug|Win32
		{88A54A44-3166-44C5-8C47-6AB70DA30D7A}.Debug|Win32.Build.0 = Debug|Win32
		{88A54A44-3166-44C5-8C47-6AB70DA30D7A}.Debug|x64.ActiveCfg = Debug|x64
		{88A54A44-3166-44C5-8C47-6AB70DA30D7A}.Debug|x64.Build.0 = Debug|x64
		{88A54A44-3166-44C5-8C47-6AB70DA30D7A}.Release|Win32.ActiveCfg = Release|Win32
		{88A54A44-3166-44C5-8C47-6AB70DA30D7A}.Release|Win32.Build.0 = Release|Win32
		{88A54A44-3166-44C5-8C47-6AB70DA30D7A}.Release|x64.ActiveCfg = Release|x64
		{88A54A44-3166-44C5-8C47-6AB70DA30D7A}.Release|x64.Build.0 = Release|x64
		{3C769066-A841-40DE-BD25-0219CD60DAD3}.Debug|Win32.ActiveCfg = Debug|Win32
		{3C769066-A841-40DE-BD25-0219CD60DAD3}.Debug|Win32.Build.0 = Debug|Win32
		{3C769066-A841-40DE-BD25-0219CD60DAD3}.Debug|x64.ActiveCfg = Debug|x64
		{3C769066-A841-40DE-BD25-0219CD60DAD3}.Debug|x64.Build.0 = Debug|x64
		{3C769066-A841-40DE-BD25-0219CD60DAD3}.Release|Win32.ActiveCfg = Release|Win32
		{3C769066-A841-40DE-BD25-0219CD60DAD3}.Release|Win32.Build.0 = Release|Win32
		{3C769066-A841-40DE-BD25-0219CD60DAD3}.Release|x64.ActiveCfg = Release|x64
		{3C769066-A841-40DE-BD25-0219CD60DAD3}.Release|x64.Build.0 = Release|x64
		{6B67089A-B2FF-4040-9A6E-9E300CEFECDF}.Debug|Win32.ActiveCfg = Debug|Win32
		{6B67089A-B2FF-4040-9A6E-9E300CEFECDF}.Debug|Win32.Build.0 = Debug|Win32
		{6B67089A-B2FF-4040-9A6E-9E300CEFECDF}.Debug|x64.ActiveCfg = Debug|x64
		{6B67089A-B2FF-4040-9A6E-9E300CEFECDF}.Debug|x64.Build.0 = Debug|x64
		{6B67089A-B2FF-4040-9A6E-9E300CEFECDF}.Release|Win32.ActiveCfg = Release|Win32
		{6B67089A-B2FF-4040-9A6E-9E300CEFECDF}.Release|Win32.Build.0 = Release|Win32
		{6B67089A-B2FF-4040-9A6E-9E300CEFECDF}.Release|x64.ActiveCfg = Release|x64
		{6B67089A-B2FF-4040-9A6E-9E300CEFECDF}.Release|x64.Build.0 = Release|x64
	EndGlobalSection
	GlobalSection(SolutionProperties) = preSolution
		HideSolutionNode = FALSE
	EndGlobalSection
	GlobalSection(NestedProjects) = preSolution
		{335DDDB8-29CF-49D5-B6A9-5F2041BFAA5F} = {99DBD486-71AE-456E-A1EF-2E4B5093BB10}
		{415D373E-CF11-44DD-950D-6F819FDBB823} = {99DBD486-71AE-456E-A1EF-2E4B5093BB10}
		{F300952E-0D01-4A04-887D-BD2C63130384} = {99DBD486-71AE-456E-A1EF-2E4B5093BB10}
		{CE3E74C5-2C0F-4063-8983-7468E868D286} = {99DBD486-71AE-456E-A1EF-2E4B5093BB10}
		{E88349AB-EAC6-4C2B-A778-06181CDE4FCA} = {99DBD486-71AE-456E-A1EF-2E4B5093BB10}
		{3805D366-53D2-4DA8-B368-A9F888C4296C} = {99DBD486-71AE-456E-A1EF-2E4B5093BB10}
		{E7B92568-222A-4121-8EA6-8C9664E38DFE} = {99DBD486-71AE-456E-A1EF-2E4B5093BB10}
		{CE6BDD18-C26A-4858-BD20-CD1AF12BDFBD} = {99DBD486-71AE-456E-A1EF-2E4B5093BB10}
		{88A54A44-3166-44C5-8C47-6AB70DA30D7A} = {99DBD486-71AE-456E-A1EF-2E4B5093BB10}
	EndGlobalSection
	GlobalSection(ExtensibilityGlobals) = postSolution
		SolutionGuid = {F875970E-B3F3-4D02-BD5C-A6A53EFBA8C7}
	EndGlobalSection
EndGlobal
