
Microsoft Visual Studio Solution File, Format Version 12.00
# Visual Studio Version 16
VisualStudioVersion = 16.0.31702.278
MinimumVisualStudioVersion = 10.0.40219.1
Project("{8BC9CEB8-8B4A-11D0-8D11-00A0C91BC942}") = "dependencies", "dependencies\dependencies.vcxproj", "{5DD4A29C-3088-478D-A980-4C2AA12ACC74}"
EndProject
Project("{8BC9CEB8-8B4A-11D0-8D11-00A0C91BC942}") = "galaxy", "galaxy\galaxy.vcxproj", "{51012BCD-3AB4-404A-9FDC-70505C0E390E}"
	ProjectSection(ProjectDependencies) = postProject
		{5DD4A29C-3088-478D-A980-4C2AA12ACC74} = {5DD4A29C-3088-478D-A980-4C2AA12ACC74}
	EndProjectSection
EndProject
Project("{8BC9CEB8-8B4A-11D0-8D11-00A0C91BC942}") = "SandboxTests", "sandbox_tests\SandboxTests.vcxproj", "{F339E843-D927-48F0-B7D7-21931085ACF4}"
	ProjectSection(ProjectDependencies) = postProject
		{51012BCD-3AB4-404A-9FDC-70505C0E390E} = {51012BCD-3AB4-404A-9FDC-70505C0E390E}
	EndProjectSection
EndProject
Project("{8BC9CEB8-8B4A-11D0-8D11-00A0C91BC942}") = "Supercluster", "supercluster\Supercluster.vcxproj", "{0036DF33-F69D-48AA-9C37-D09881A8EDD3}"
	ProjectSection(ProjectDependencies) = postProject
		{51012BCD-3AB4-404A-9FDC-70505C0E390E} = {51012BCD-3AB4-404A-9FDC-70505C0E390E}
	EndProjectSection
EndProject
Project("{8BC9CEB8-8B4A-11D0-8D11-00A0C91BC942}") = "Tests", "tests\Tests.vcxproj", "{482FD07C-A2E7-457D-B988-EB2C11EF9A75}"
	ProjectSection(ProjectDependencies) = postProject
		{51012BCD-3AB4-404A-9FDC-70505C0E390E} = {51012BCD-3AB4-404A-9FDC-70505C0E390E}
	EndProjectSection
EndProject
Project("{2150E333-8FDC-42A3-9474-1A3956D46DE8}") = "Solution Items", "Solution Items", "{DCD0581B-A0D2-478E-B850-C106EA7C7F2B}"
	ProjectSection(SolutionItems) = preProject
		.clang-format = .clang-format
		.clang-tidy = .clang-tidy
		.gitignore = .gitignore
		.travis.yml = .travis.yml
		appveyor.yml = appveyor.yml
		CodeAnalysis.ruleset = CodeAnalysis.ruleset
		CONTRIBUTING.md = CONTRIBUTING.md
		Doxyfile = Doxyfile
		README.md = README.md
		SECURITY.md = SECURITY.md
		TODO.txt = TODO.txt
	EndProjectSection
EndProject
Global
	GlobalSection(SolutionConfigurationPlatforms) = preSolution
		Debug|x64 = Debug|x64
		Release|x64 = Release|x64
	EndGlobalSection
	GlobalSection(ProjectConfigurationPlatforms) = postSolution
		{5DD4A29C-3088-478D-A980-4C2AA12ACC74}.Debug|x64.ActiveCfg = Debug|x64
		{5DD4A29C-3088-478D-A980-4C2AA12ACC74}.Debug|x64.Build.0 = Debug|x64
		{5DD4A29C-3088-478D-A980-4C2AA12ACC74}.Release|x64.ActiveCfg = Release|x64
		{5DD4A29C-3088-478D-A980-4C2AA12ACC74}.Release|x64.Build.0 = Release|x64
		{51012BCD-3AB4-404A-9FDC-70505C0E390E}.Debug|x64.ActiveCfg = Debug|x64
		{51012BCD-3AB4-404A-9FDC-70505C0E390E}.Debug|x64.Build.0 = Debug|x64
		{51012BCD-3AB4-404A-9FDC-70505C0E390E}.Release|x64.ActiveCfg = Release|x64
		{51012BCD-3AB4-404A-9FDC-70505C0E390E}.Release|x64.Build.0 = Release|x64
		{F339E843-D927-48F0-B7D7-21931085ACF4}.Debug|x64.ActiveCfg = Debug|x64
		{F339E843-D927-48F0-B7D7-21931085ACF4}.Debug|x64.Build.0 = Debug|x64
		{F339E843-D927-48F0-B7D7-21931085ACF4}.Release|x64.ActiveCfg = Release|x64
		{F339E843-D927-48F0-B7D7-21931085ACF4}.Release|x64.Build.0 = Release|x64
		{0036DF33-F69D-48AA-9C37-D09881A8EDD3}.Debug|x64.ActiveCfg = Debug|x64
		{0036DF33-F69D-48AA-9C37-D09881A8EDD3}.Debug|x64.Build.0 = Debug|x64
		{0036DF33-F69D-48AA-9C37-D09881A8EDD3}.Release|x64.ActiveCfg = Release|x64
		{0036DF33-F69D-48AA-9C37-D09881A8EDD3}.Release|x64.Build.0 = Release|x64
		{482FD07C-A2E7-457D-B988-EB2C11EF9A75}.Debug|x64.ActiveCfg = Debug|x64
		{482FD07C-A2E7-457D-B988-EB2C11EF9A75}.Debug|x64.Build.0 = Debug|x64
		{482FD07C-A2E7-457D-B988-EB2C11EF9A75}.Release|x64.ActiveCfg = Release|x64
		{482FD07C-A2E7-457D-B988-EB2C11EF9A75}.Release|x64.Build.0 = Release|x64
	EndGlobalSection
	GlobalSection(SolutionProperties) = preSolution
		HideSolutionNode = FALSE
	EndGlobalSection
	GlobalSection(ExtensibilityGlobals) = postSolution
		SolutionGuid = {2EB53A3E-5180-4798-9238-DE2599999684}
	EndGlobalSection
EndGlobal
