
Microsoft Visual Studio Solution File, Format Version 12.00
# Visual Studio 15
VisualStudioVersion = 15.0.27130.2036
MinimumVisualStudioVersion = 10.0.40219.1
Project("{8BC9CEB8-8B4A-11D0-8D11-00A0C91BC942}") = "Testbed", "Testbed\Testbed.vcxproj", "{69BE6962-AA70-41CD-87BC-44A77344330A}"
	ProjectSection(ProjectDependencies) = postProject
		{CE3E74C5-2C0F-4063-8983-7468E868D286} = {CE3E74C5-2C0F-4063-8983-7468E868D286}
	EndProjectSection
EndProject
Project("{8BC9CEB8-8B4A-11D0-8D11-00A0C91BC942}") = "Quasar", "Quasar\Quasar.vcxproj", "{CE3E74C5-2C0F-4063-8983-7468E868D286}"
EndProject
Global
	GlobalSection(SolutionConfigurationPlatforms) = preSolution
		Debug|x64 = Debug|x64
		Debug|x86 = Debug|x86
		Release|x64 = Release|x64
		Release|x86 = Release|x86
	EndGlobalSection
	GlobalSection(ProjectConfigurationPlatforms) = postSolution
		{69BE6962-AA70-41CD-87BC-44A77344330A}.Debug|x64.ActiveCfg = Debug|x64
		{69BE6962-AA70-41CD-87BC-44A77344330A}.Debug|x64.Build.0 = Debug|x64
		{69BE6962-AA70-41CD-87BC-44A77344330A}.Debug|x86.ActiveCfg = Debug|Win32
		{69BE6962-AA70-41CD-87BC-44A77344330A}.Debug|x86.Build.0 = Debug|Win32
		{69BE6962-AA70-41CD-87BC-44A77344330A}.Release|x64.ActiveCfg = Release|x64
		{69BE6962-AA70-41CD-87BC-44A77344330A}.Release|x64.Build.0 = Release|x64
		{69BE6962-AA70-41CD-87BC-44A77344330A}.Release|x86.ActiveCfg = Release|Win32
		{69BE6962-AA70-41CD-87BC-44A77344330A}.Release|x86.Build.0 = Release|Win32
		{CE3E74C5-2C0F-4063-8983-7468E868D286}.Debug|x64.ActiveCfg = Debug|x64
		{CE3E74C5-2C0F-4063-8983-7468E868D286}.Debug|x64.Build.0 = Debug|x64
		{CE3E74C5-2C0F-4063-8983-7468E868D286}.Debug|x86.ActiveCfg = Debug|Win32
		{CE3E74C5-2C0F-4063-8983-7468E868D286}.Debug|x86.Build.0 = Debug|Win32
		{CE3E74C5-2C0F-4063-8983-7468E868D286}.Release|x64.ActiveCfg = Release|x64
		{CE3E74C5-2C0F-4063-8983-7468E868D286}.Release|x64.Build.0 = Release|x64
		{CE3E74C5-2C0F-4063-8983-7468E868D286}.Release|x86.ActiveCfg = Release|Win32
		{CE3E74C5-2C0F-4063-8983-7468E868D286}.Release|x86.Build.0 = Release|Win32
	EndGlobalSection
	GlobalSection(SolutionProperties) = preSolution
		HideSolutionNode = FALSE
	EndGlobalSection
	GlobalSection(ExtensibilityGlobals) = postSolution
		SolutionGuid = {F25493DC-5076-44DC-84D0-BBA5A92944A6}
	EndGlobalSection
EndGlobal
