<?xml version="1.0" encoding="utf-8"?>
<Project ToolsVersion="4.0" xmlns="http://schemas.microsoft.com/developer/msbuild/2003">
  <ItemGroup>
    <ClCompile Include="src\main.cpp" />
    <ClCompile Include="src\solar\Config.cpp" />
    <ClCompile Include="src\solar\sets\EntitySet.cpp" />
    <ClCompile Include="src\solar\sets\ComponentSet.cpp" />
  </ItemGroup>
  <ItemGroup>
  </ItemGroup>
</Project>