<?xml version="1.0" encoding="utf-8"?>
<Project ToolsVersion="4.0" xmlns="http://schemas.microsoft.com/developer/msbuild/2003">
  <ItemGroup>
    <ClCompile Include="src\algorithm\AlgorithmTest.cpp" />
    <ClCompile Include="src\algorithm\Base64Test.cpp" />
    <ClCompile Include="src\algorithm\GZipTest.cpp" />
    <ClCompile Include="src\algorithm\RandomTest.cpp" />
    <ClCompile Include="src\algorithm\RectPackTest.cpp" />
    <ClCompile Include="src\algorithm\ZLibTest.cpp" />
    <ClCompile Include="src\async\TimerTest.cpp" />
    <ClCompile Include="src\utils\GuidTest.cpp" />
    <ClCompile Include="src\core\ServiceLocatorTest.cpp" />
    <ClCompile Include="src\resource\CacheLoaderTest.cpp" />
    <ClCompile Include="src\utils\StringUtilsTest.cpp" />
    <ClCompile Include="src\main.cpp" />
    <ClCompile Include="src\resource\LanguageTest.cpp" />
  </ItemGroup>
</Project>