<?xml version="1.0" encoding="utf-8"?>
<Project ToolsVersion="4.0" xmlns="http://schemas.microsoft.com/developer/msbuild/2003">
  <ItemGroup>
    <ClCompile Include="src\starmap\detail\Decoder.cpp" />
    <ClCompile Include="src\starmap\layer\GroupLayer.cpp" />
    <ClCompile Include="src\starmap\layer\ImageLayer.cpp" />
    <ClCompile Include="src\starmap\layer\Layer.cpp" />
    <ClCompile Include="src\starmap\layer\ObjectLayer.cpp" />
    <ClCompile Include="src\starmap\layer\TileLayer.cpp" />
    <ClCompile Include="src\starmap\tile\Tile.cpp" />
    <ClCompile Include="src\starmap\tile\TileOffset.cpp" />
    <ClCompile Include="src\starmap\tile\Tileset.cpp" />
    <ClCompile Include="src\starmap\types\Chunk.cpp" />
    <ClCompile Include="src\starmap\types\Frame.cpp" />
    <ClCompile Include="src\starmap\types\Grid.cpp" />
    <ClCompile Include="src\starmap\types\Object.cpp" />
    <ClCompile Include="src\starmap\types\Point.cpp" />
    <ClCompile Include="src\starmap\types\Property.cpp" />
    <ClCompile Include="src\starmap\types\Terrain.cpp" />
    <ClCompile Include="src\starmap\types\Text.cpp" />
    <ClCompile Include="src\starmap\wangtile\WangColour.cpp" />
    <ClCompile Include="src\starmap\wangtile\WangSet.cpp" />
    <ClCompile Include="src\starmap\wangtile\WangTile.cpp" />
    <ClCompile Include="src\starmap\Map.cpp" />
    <ClCompile Include="src\starmap\Meta.cpp" />
  </ItemGroup>
  <ItemGroup>
    <ClInclude Include="src\starmap\detail\Decoder.hpp" />
    <ClInclude Include="src\starmap\layer\GroupLayer.hpp" />
    <ClInclude Include="src\starmap\layer\ImageLayer.hpp" />
    <ClInclude Include="src\starmap\layer\Layer.hpp" />
    <ClInclude Include="src\starmap\layer\ObjectLayer.hpp" />
    <ClInclude Include="src\starmap\layer\TileLayer.hpp" />
    <ClInclude Include="src\starmap\tile\Tile.hpp" />
    <ClInclude Include="src\starmap\tile\TileOffset.hpp" />
    <ClInclude Include="src\starmap\tile\Tileset.hpp" />
    <ClInclude Include="src\starmap\types\Chunk.hpp" />
    <ClInclude Include="src\starmap\types\Frame.hpp" />
    <ClInclude Include="src\starmap\types\Grid.hpp" />
    <ClInclude Include="src\starmap\types\Object.hpp" />
    <ClInclude Include="src\starmap\types\Point.hpp" />
    <ClInclude Include="src\starmap\types\Property.hpp" />
    <ClInclude Include="src\starmap\types\Terrain.hpp" />
    <ClInclude Include="src\starmap\types\Text.hpp" />
    <ClInclude Include="src\starmap\wangtile\WangColour.hpp" />
    <ClInclude Include="src\starmap\wangtile\WangSet.hpp" />
    <ClInclude Include="src\starmap\wangtile\WangTile.hpp" />
    <ClInclude Include="src\starmap\Map.hpp" />
    <ClInclude Include="src\starmap\Meta.hpp" />
  </ItemGroup>
</Project>