<?xml version="1.0" encoding="utf-8"?>
<Project ToolsVersion="4.0" xmlns="http://schemas.microsoft.com/developer/msbuild/2003">
  <ItemGroup>
    <ClCompile Include="src\protostar\graphics\Colour.cpp" />
    <ClCompile Include="src\protostar\graphics\ResourceCache.cpp" />
    <ClCompile Include="src\protostar\utility\Meta.cpp" />
    <ClCompile Include="src\protostar\math\Vector2.cpp" />
    <ClCompile Include="src\protostar\math\Vector3.cpp" />
    <ClCompile Include="src\protostar\math\Vector4.cpp" />
    <ClCompile Include="src\protostar\string\StringOps.cpp" />
    <ClCompile Include="src\protostar\math\Maths.cpp" />
    <ClCompile Include="src\protostar\graphics\Rect.cpp" />
    <ClCompile Include="src\protostar\math\Random.cpp" />
    <ClCompile Include="src\protostar\utility\Time.cpp" />
    <ClCompile Include="src\protostar\utility\UniqueID.cpp" />
  </ItemGroup>
  <ItemGroup>
    <ClInclude Include="src\protostar\graphics\Colour.hpp" />
    <ClInclude Include="src\protostar\graphics\ResourceCache.hpp" />
    <ClInclude Include="src\protostar\utility\Meta.hpp" />
    <ClInclude Include="src\protostar\math\Vector2.hpp" />
    <ClInclude Include="src\protostar\math\Vector3.hpp" />
    <ClInclude Include="src\protostar\math\Vector4.hpp" />
    <ClInclude Include="src\protostar\string\StringOps.hpp" />
    <ClInclude Include="src\protostar\math\Maths.hpp" />
    <ClInclude Include="src\protostar\math\Random.hpp" />
    <ClInclude Include="src\protostar\graphics\Rect.hpp" />
    <ClInclude Include="src\protostar\utility\Time.hpp" />
    <ClInclude Include="src\protostar\utility\UniqueID.hpp" />
  </ItemGroup>
  <ItemGroup>
    <Text Include="todo.txt" />
  </ItemGroup>
</Project>