<?xml version="1.0" encoding="utf-8"?>
<Project ToolsVersion="4.0" xmlns="http://schemas.microsoft.com/developer/msbuild/2003">
  <ItemGroup>
    <ClCompile Include="src\galaxy\meta\Concepts.cpp" />
    <ClCompile Include="src\galaxy\meta\Globals.cpp" />
    <ClCompile Include="src\galaxy\core\Config.cpp" />
    <ClCompile Include="src\galaxy\core\ServiceLocator.cpp" />
    <ClCompile Include="src\galaxy\error\Log.cpp" />
    <ClCompile Include="src\galaxy\error\LogLevel.cpp" />
    <ClCompile Include="src\galaxy\error\Sink.cpp" />
    <ClCompile Include="src\galaxy\fs\VirtualFileSystem.cpp" />
    <ClCompile Include="src\galaxy\fs\FileInfo.cpp" />
    <ClCompile Include="src\galaxy\async\Task.cpp" />
    <ClCompile Include="src\galaxy\async\ThreadPool.cpp" />
    <ClCompile Include="src\galaxy\async\Timer.cpp" />
    <ClCompile Include="src\galaxy\math\Algorithms.cpp" />
    <ClCompile Include="src\galaxy\math\Base64.cpp" />
    <ClCompile Include="src\galaxy\math\GZip.cpp" />
    <ClCompile Include="src\galaxy\math\Random.cpp" />
    <ClCompile Include="src\galaxy\math\ZLib.cpp" />
    <ClCompile Include="src\galaxy\error\ConsoleSink.cpp" />
    <ClCompile Include="src\galaxy\error\FileSink.cpp" />
    <ClCompile Include="src\galaxy\scripting\JSON.cpp" />
    <ClCompile Include="src\galaxy\scripting\Lua.cpp" />
    <ClCompile Include="src\galaxy\core\Guid.cpp" />
    <ClCompile Include="src\galaxy\platform\specific\Unix.cpp" />
    <ClCompile Include="src\galaxy\platform\specific\Windows.cpp" />
    <ClCompile Include="src\galaxy\platform\Platform.cpp" />
    <ClCompile Include="src\galaxy\platform\Subprocess.cpp" />
    <ClCompile Include="src\galaxy\graphics\Window.cpp" />
    <ClCompile Include="src\galaxy\graphics\WindowSettings.cpp" />
  </ItemGroup>
  <ItemGroup>
    <ClInclude Include="src\galaxy\meta\Concepts.hpp" />
    <ClInclude Include="src\galaxy\meta\Globals.hpp" />
    <ClInclude Include="src\galaxy\core\Config.hpp" />
    <ClInclude Include="src\galaxy\core\ServiceLocator.hpp" />
    <ClInclude Include="src\galaxy\error\Log.hpp" />
    <ClInclude Include="src\galaxy\error\LogLevel.hpp" />
    <ClInclude Include="src\galaxy\error\Sink.hpp" />
    <ClInclude Include="src\galaxy\fs\VirtualFileSystem.hpp" />
    <ClInclude Include="src\galaxy\fs\FileInfo.hpp" />
    <ClInclude Include="src\galaxy\async\Task.hpp" />
    <ClInclude Include="src\galaxy\async\ThreadPool.hpp" />
    <ClInclude Include="src\galaxy\async\Timer.hpp" />
    <ClInclude Include="src\galaxy\math\Algorithms.hpp" />
    <ClInclude Include="src\galaxy\math\Base64.hpp" />
    <ClInclude Include="src\galaxy\math\GZip.hpp" />
    <ClInclude Include="src\galaxy\math\Random.hpp" />
    <ClInclude Include="src\galaxy\math\ZLib.hpp" />
    <ClInclude Include="src\galaxy\error\ConsoleSink.hpp" />
    <ClInclude Include="src\galaxy\error\FileSink.hpp" />
    <ClInclude Include="src\galaxy\scripting\JSON.hpp" />
    <ClInclude Include="src\galaxy\scripting\Lua.hpp" />
    <ClInclude Include="src\galaxy\core\Guid.hpp" />
    <ClInclude Include="src\galaxy\core\Application.hpp" />
    <ClInclude Include="src\galaxy\core\Application.cpp" />
    <ClInclude Include="src\galaxy\platform\specific\Unix.hpp" />
    <ClInclude Include="src\galaxy\platform\specific\Windows.hpp" />
    <ClInclude Include="src\galaxy\platform\Platform.hpp" />
    <ClInclude Include="src\galaxy\platform\Subprocess.hpp" />
    <ClInclude Include="src\galaxy\graphics\Window.hpp" />
    <ClInclude Include="src\galaxy\graphics\WindowSettings.hpp" />
  </ItemGroup>
</Project>