<?xml version="1.0" encoding="utf-8"?>
<Project ToolsVersion="4.0" xmlns="http://schemas.microsoft.com/developer/msbuild/2003">
  <ItemGroup>
    <ClCompile Include="glad\glad.c" />
    <ClCompile Include="lua\src\lapi.c" />
    <ClCompile Include="lua\src\lauxlib.c" />
    <ClCompile Include="lua\src\lbaselib.c" />
    <ClCompile Include="lua\src\lcode.c" />
    <ClCompile Include="lua\src\lcorolib.c" />
    <ClCompile Include="lua\src\lctype.c" />
    <ClCompile Include="lua\src\ldblib.c" />
    <ClCompile Include="lua\src\ldebug.c" />
    <ClCompile Include="lua\src\ldo.c" />
    <ClCompile Include="lua\src\ldump.c" />
    <ClCompile Include="lua\src\lfunc.c" />
    <ClCompile Include="lua\src\lgc.c" />
    <ClCompile Include="lua\src\linit.c" />
    <ClCompile Include="lua\src\liolib.c" />
    <ClCompile Include="lua\src\llex.c" />
    <ClCompile Include="lua\src\lmathlib.c" />
    <ClCompile Include="lua\src\lmem.c" />
    <ClCompile Include="lua\src\loadlib.c" />
    <ClCompile Include="lua\src\lobject.c" />
    <ClCompile Include="lua\src\lopcodes.c" />
    <ClCompile Include="lua\src\loslib.c" />
    <ClCompile Include="lua\src\lparser.c" />
    <ClCompile Include="lua\src\lstate.c" />
    <ClCompile Include="lua\src\lstring.c" />
    <ClCompile Include="lua\src\lstrlib.c" />
    <ClCompile Include="lua\src\ltable.c" />
    <ClCompile Include="lua\src\ltablib.c" />
    <ClCompile Include="lua\src\ltm.c" />
    <ClCompile Include="lua\src\lundump.c" />
    <ClCompile Include="lua\src\lutf8lib.c" />
    <ClCompile Include="lua\src\lvm.c" />
    <ClCompile Include="lua\src\lzio.c" />
    <ClCompile Include="stb\include\stb_vorbis.cpp" />
    <ClCompile Include="msdfgl\src\msdfgl.c" />
    <ClCompile Include="msdfgl\src\msdfgl_map.c" />
    <ClCompile Include="msdfgl\src\msdfgl_serializer.c" />
    <ClCompile Include="miniaudio\miniaudio.cpp" />
    <ClCompile Include="MemoryAllocator.cpp" />
    <ClCompile Include="glfw\src\egl_context.c" />
    <ClCompile Include="glfw\src\context.c" />
    <ClCompile Include="glfw\src\init.c" />
    <ClCompile Include="glfw\src\input.c" />
    <ClCompile Include="glfw\src\monitor.c" />
    <ClCompile Include="glfw\src\null_init.c" />
    <ClCompile Include="glfw\src\null_joystick.c" />
    <ClCompile Include="glfw\src\null_monitor.c" />
    <ClCompile Include="glfw\src\null_window.c" />
    <ClCompile Include="glfw\src\osmesa_context.c" />
    <ClCompile Include="glfw\src\platform.c" />
    <ClCompile Include="glfw\src\vulkan.c" />
    <ClCompile Include="glfw\src\wgl_context.c" />
    <ClCompile Include="glfw\src\win32_init.c" />
    <ClCompile Include="glfw\src\win32_joystick.c" />
    <ClCompile Include="glfw\src\win32_module.c" />
    <ClCompile Include="glfw\src\win32_monitor.c" />
    <ClCompile Include="glfw\src\win32_thread.c" />
    <ClCompile Include="glfw\src\win32_time.c" />
    <ClCompile Include="glfw\src\win32_window.c" />
    <ClCompile Include="glfw\src\window.c" />
    <ClCompile Include="imgui\imgui_addons\imgui_toggle.cpp" />
    <ClCompile Include="imgui\imgui_addons\imgui_toggle_palette.cpp" />
    <ClCompile Include="imgui\imgui_addons\imgui_toggle_presets.cpp" />
    <ClCompile Include="imgui\imgui_addons\imgui_toggle_renderer.cpp" />
    <ClCompile Include="imgui\imgui.cpp" />
    <ClCompile Include="imgui\imgui_demo.cpp" />
    <ClCompile Include="imgui\imgui_draw.cpp" />
    <ClCompile Include="imgui\imgui_freetype.cpp" />
    <ClCompile Include="imgui\imgui_impl_glfw.cpp" />
    <ClCompile Include="imgui\imgui_impl_opengl3.cpp" />
    <ClCompile Include="imgui\imgui_stdlib.cpp" />
    <ClCompile Include="imgui\imgui_tables.cpp" />
    <ClCompile Include="imgui\imgui_widgets.cpp" />
    <ClCompile Include="pl_mpeg\pl_mpeg.cpp" />
    <ClCompile Include="glm\glm\detail\glm.cpp" />
    <ClCompile Include="mimalloc\src\static.c" />
    <ClCompile Include="imgui\imgui_addons\code_editor\panels\DirectoryFinder.cpp" />
    <ClCompile Include="imgui\imgui_addons\code_editor\panels\DirectoryTreeView.cpp" />
    <ClCompile Include="imgui\imgui_addons\code_editor\panels\FileTextEdit.cpp" />
    <ClCompile Include="imgui\imgui_addons\code_editor\ImGuiController.cpp" />
    <ClCompile Include="imgui\imgui_addons\code_editor\LanguageDefinitions.cpp" />
    <ClCompile Include="imgui\imgui_addons\code_editor\PathUtils.cpp" />
    <ClCompile Include="imgui\imgui_addons\code_editor\TextEditor.cpp" />
    <ClCompile Include="imgui\imgui_addons\code_editor\Trie.cpp" />
    <ClCompile Include="imgui\imgui_addons\code_editor\Utils.cpp" />
    <ClCompile Include="imgui\imgui_addons\imnodes.cpp" />
    <ClCompile Include="nuklear\nuklear.c" />
    <ClCompile Include="stb\include\stb_image.c" />
    <ClCompile Include="cute\cute_c2.c" />
    <ClCompile Include="tinyfiledialogs\tinyfiledialogs.c" />
    <ClCompile Include="zip\src\zip.c" />
    <ClCompile Include="ldtkloader\src\DataTypes.cpp" />
    <ClCompile Include="ldtkloader\src\Entity.cpp" />
    <ClCompile Include="ldtkloader\src\EntityDef.cpp" />
    <ClCompile Include="ldtkloader\src\Enum.cpp" />
    <ClCompile Include="ldtkloader\src\FieldsContainer.cpp" />
    <ClCompile Include="ldtkloader\src\Layer.cpp" />
    <ClCompile Include="ldtkloader\src\LayerDef.cpp" />
    <ClCompile Include="ldtkloader\src\Level.cpp" />
    <ClCompile Include="ldtkloader\src\Project.cpp" />
    <ClCompile Include="ldtkloader\src\TagsContainer.cpp" />
    <ClCompile Include="ldtkloader\src\Tile.cpp" />
    <ClCompile Include="ldtkloader\src\Tileset.cpp" />
    <ClCompile Include="ldtkloader\src\Utils.cpp" />
    <ClCompile Include="ldtkloader\src\World.cpp" />
  </ItemGroup>
  <ItemGroup>
    <ClInclude Include="freetype2_win\include\freetype\config\ftconfig.h" />
    <ClInclude Include="freetype2_win\include\freetype\config\ftheader.h" />
    <ClInclude Include="freetype2_win\include\freetype\config\ftmodule.h" />
    <ClInclude Include="freetype2_win\include\freetype\config\ftoption.h" />
    <ClInclude Include="freetype2_win\include\freetype\config\ftstdlib.h" />
    <ClInclude Include="freetype2_win\include\freetype\config\integer-types.h" />
    <ClInclude Include="freetype2_win\include\freetype\config\mac-support.h" />
    <ClInclude Include="freetype2_win\include\freetype\config\public-macros.h" />
    <ClInclude Include="freetype2_win\include\freetype\freetype.h" />
    <ClInclude Include="freetype2_win\include\freetype\ftadvanc.h" />
    <ClInclude Include="freetype2_win\include\freetype\ftbbox.h" />
    <ClInclude Include="freetype2_win\include\freetype\ftbdf.h" />
    <ClInclude Include="freetype2_win\include\freetype\ftbitmap.h" />
    <ClInclude Include="freetype2_win\include\freetype\ftbzip2.h" />
    <ClInclude Include="freetype2_win\include\freetype\ftcache.h" />
    <ClInclude Include="freetype2_win\include\freetype\ftchapters.h" />
    <ClInclude Include="freetype2_win\include\freetype\ftcid.h" />
    <ClInclude Include="freetype2_win\include\freetype\ftcolor.h" />
    <ClInclude Include="freetype2_win\include\freetype\ftdriver.h" />
    <ClInclude Include="freetype2_win\include\freetype\fterrdef.h" />
    <ClInclude Include="freetype2_win\include\freetype\fterrors.h" />
    <ClInclude Include="freetype2_win\include\freetype\ftfntfmt.h" />
    <ClInclude Include="freetype2_win\include\freetype\ftgasp.h" />
    <ClInclude Include="freetype2_win\include\freetype\ftglyph.h" />
    <ClInclude Include="freetype2_win\include\freetype\ftgxval.h" />
    <ClInclude Include="freetype2_win\include\freetype\ftgzip.h" />
    <ClInclude Include="freetype2_win\include\freetype\ftimage.h" />
    <ClInclude Include="freetype2_win\include\freetype\ftincrem.h" />
    <ClInclude Include="freetype2_win\include\freetype\ftlcdfil.h" />
    <ClInclude Include="freetype2_win\include\freetype\ftlist.h" />
    <ClInclude Include="freetype2_win\include\freetype\ftlogging.h" />
    <ClInclude Include="freetype2_win\include\freetype\ftlzw.h" />
    <ClInclude Include="freetype2_win\include\freetype\ftmac.h" />
    <ClInclude Include="freetype2_win\include\freetype\ftmm.h" />
    <ClInclude Include="freetype2_win\include\freetype\ftmodapi.h" />
    <ClInclude Include="freetype2_win\include\freetype\ftmoderr.h" />
    <ClInclude Include="freetype2_win\include\freetype\ftotval.h" />
    <ClInclude Include="freetype2_win\include\freetype\ftoutln.h" />
    <ClInclude Include="freetype2_win\include\freetype\ftparams.h" />
    <ClInclude Include="freetype2_win\include\freetype\ftpfr.h" />
    <ClInclude Include="freetype2_win\include\freetype\ftrender.h" />
    <ClInclude Include="freetype2_win\include\freetype\ftsizes.h" />
    <ClInclude Include="freetype2_win\include\freetype\ftsnames.h" />
    <ClInclude Include="freetype2_win\include\freetype\ftstroke.h" />
    <ClInclude Include="freetype2_win\include\freetype\ftsynth.h" />
    <ClInclude Include="freetype2_win\include\freetype\ftsystem.h" />
    <ClInclude Include="freetype2_win\include\freetype\fttrigon.h" />
    <ClInclude Include="freetype2_win\include\freetype\fttypes.h" />
    <ClInclude Include="freetype2_win\include\freetype\ftwinfnt.h" />
    <ClInclude Include="freetype2_win\include\freetype\otsvg.h" />
    <ClInclude Include="freetype2_win\include\freetype\t1tables.h" />
    <ClInclude Include="freetype2_win\include\freetype\ttnameid.h" />
    <ClInclude Include="freetype2_win\include\freetype\tttables.h" />
    <ClInclude Include="freetype2_win\include\freetype\tttags.h" />
    <ClInclude Include="freetype2_win\include\ft2build.h" />
    <ClInclude Include="glad\include\glad\glad.h" />
    <ClInclude Include="glad\include\KHR\khrplatform.h" />
    <ClInclude Include="json\include\nlohmann\detail\conversions\from_json.hpp" />
    <ClInclude Include="json\include\nlohmann\detail\conversions\to_chars.hpp" />
    <ClInclude Include="json\include\nlohmann\detail\conversions\to_json.hpp" />
    <ClInclude Include="json\include\nlohmann\detail\input\binary_reader.hpp" />
    <ClInclude Include="json\include\nlohmann\detail\input\input_adapters.hpp" />
    <ClInclude Include="json\include\nlohmann\detail\input\json_sax.hpp" />
    <ClInclude Include="json\include\nlohmann\detail\input\lexer.hpp" />
    <ClInclude Include="json\include\nlohmann\detail\input\parser.hpp" />
    <ClInclude Include="json\include\nlohmann\detail\input\position_t.hpp" />
    <ClInclude Include="json\include\nlohmann\detail\iterators\internal_iterator.hpp" />
    <ClInclude Include="json\include\nlohmann\detail\iterators\iter_impl.hpp" />
    <ClInclude Include="json\include\nlohmann\detail\iterators\iteration_proxy.hpp" />
    <ClInclude Include="json\include\nlohmann\detail\iterators\iterator_traits.hpp" />
    <ClInclude Include="json\include\nlohmann\detail\iterators\json_reverse_iterator.hpp" />
    <ClInclude Include="json\include\nlohmann\detail\iterators\primitive_iterator.hpp" />
    <ClInclude Include="json\include\nlohmann\detail\meta\call_std\begin.hpp" />
    <ClInclude Include="json\include\nlohmann\detail\meta\call_std\end.hpp" />
    <ClInclude Include="json\include\nlohmann\detail\meta\cpp_future.hpp" />
    <ClInclude Include="json\include\nlohmann\detail\meta\detected.hpp" />
    <ClInclude Include="json\include\nlohmann\detail\meta\identity_tag.hpp" />
    <ClInclude Include="json\include\nlohmann\detail\meta\is_sax.hpp" />
    <ClInclude Include="json\include\nlohmann\detail\meta\type_traits.hpp" />
    <ClInclude Include="json\include\nlohmann\detail\meta\void_t.hpp" />
    <ClInclude Include="json\include\nlohmann\detail\output\binary_writer.hpp" />
    <ClInclude Include="json\include\nlohmann\detail\output\output_adapters.hpp" />
    <ClInclude Include="json\include\nlohmann\detail\output\serializer.hpp" />
    <ClInclude Include="json\include\nlohmann\detail\exceptions.hpp" />
    <ClInclude Include="json\include\nlohmann\detail\hash.hpp" />
    <ClInclude Include="json\include\nlohmann\detail\json_pointer.hpp" />
    <ClInclude Include="json\include\nlohmann\detail\json_ref.hpp" />
    <ClInclude Include="json\include\nlohmann\detail\macro_scope.hpp" />
    <ClInclude Include="json\include\nlohmann\detail\macro_unscope.hpp" />
    <ClInclude Include="json\include\nlohmann\detail\string_escape.hpp" />
    <ClInclude Include="json\include\nlohmann\detail\value_t.hpp" />
    <ClInclude Include="json\include\nlohmann\thirdparty\hedley\hedley.hpp" />
    <ClInclude Include="json\include\nlohmann\thirdparty\hedley\hedley_undef.hpp" />
    <ClInclude Include="json\include\nlohmann\adl_serializer.hpp" />
    <ClInclude Include="json\include\nlohmann\byte_container_with_subtype.hpp" />
    <ClInclude Include="json\include\nlohmann\json.hpp" />
    <ClInclude Include="json\include\nlohmann\json_fwd.hpp" />
    <ClInclude Include="json\include\nlohmann\ordered_map.hpp" />
    <ClInclude Include="lua\src\lapi.h" />
    <ClInclude Include="lua\src\lauxlib.h" />
    <ClInclude Include="lua\src\lcode.h" />
    <ClInclude Include="lua\src\lctype.h" />
    <ClInclude Include="lua\src\ldebug.h" />
    <ClInclude Include="lua\src\ldo.h" />
    <ClInclude Include="lua\src\lfunc.h" />
    <ClInclude Include="lua\src\lgc.h" />
    <ClInclude Include="lua\src\ljumptab.h" />
    <ClInclude Include="lua\src\llex.h" />
    <ClInclude Include="lua\src\llimits.h" />
    <ClInclude Include="lua\src\lmem.h" />
    <ClInclude Include="lua\src\lobject.h" />
    <ClInclude Include="lua\src\lopcodes.h" />
    <ClInclude Include="lua\src\lopnames.h" />
    <ClInclude Include="lua\src\lparser.h" />
    <ClInclude Include="lua\src\lprefix.h" />
    <ClInclude Include="lua\src\lstate.h" />
    <ClInclude Include="lua\src\lstring.h" />
    <ClInclude Include="lua\src\ltable.h" />
    <ClInclude Include="lua\src\ltm.h" />
    <ClInclude Include="lua\src\lua.h" />
    <ClInclude Include="lua\src\lua.hpp" />
    <ClInclude Include="lua\src\luaconf.h" />
    <ClInclude Include="lua\src\lualib.h" />
    <ClInclude Include="lua\src\lundump.h" />
    <ClInclude Include="lua\src\lvm.h" />
    <ClInclude Include="lua\src\lzio.h" />
    <ClInclude Include="magic_enum\include\magic_enum.hpp" />
    <ClInclude Include="magic_enum\include\magic_enum_format.hpp" />
    <ClInclude Include="magic_enum\include\magic_enum_fuse.hpp" />
    <ClInclude Include="sol3\include\sol\compatibility\compat-5.3.c.h" />
    <ClInclude Include="sol3\include\sol\compatibility\compat-5.3.h" />
    <ClInclude Include="sol3\include\sol\compatibility\compat-5.4.h" />
    <ClInclude Include="sol3\include\sol\compatibility\lua_version.hpp" />
    <ClInclude Include="sol3\include\sol\detail\build_version.hpp" />
    <ClInclude Include="sol3\include\sol\stack\detail\pairs.hpp" />
    <ClInclude Include="sol3\include\sol\as_args.hpp" />
    <ClInclude Include="sol3\include\sol\as_returns.hpp" />
    <ClInclude Include="sol3\include\sol\assert.hpp" />
    <ClInclude Include="sol3\include\sol\base_traits.hpp" />
    <ClInclude Include="sol3\include\sol\bind_traits.hpp" />
    <ClInclude Include="sol3\include\sol\bytecode.hpp" />
    <ClInclude Include="sol3\include\sol\call.hpp" />
    <ClInclude Include="sol3\include\sol\compatibility.hpp" />
    <ClInclude Include="sol3\include\sol\config.hpp" />
    <ClInclude Include="sol3\include\sol\coroutine.hpp" />
    <ClInclude Include="sol3\include\sol\debug.hpp" />
    <ClInclude Include="sol3\include\sol\demangle.hpp" />
    <ClInclude Include="sol3\include\sol\deprecate.hpp" />
    <ClInclude Include="sol3\include\sol\dump_handler.hpp" />
    <ClInclude Include="sol3\include\sol\ebco.hpp" />
    <ClInclude Include="sol3\include\sol\environment.hpp" />
    <ClInclude Include="sol3\include\sol\epilogue.hpp" />
    <ClInclude Include="sol3\include\sol\error.hpp" />
    <ClInclude Include="sol3\include\sol\error_handler.hpp" />
    <ClInclude Include="sol3\include\sol\forward.hpp" />
    <ClInclude Include="sol3\include\sol\forward_detail.hpp" />
    <ClInclude Include="sol3\include\sol\function.hpp" />
    <ClInclude Include="sol3\include\sol\function_result.hpp" />
    <ClInclude Include="sol3\include\sol\function_types.hpp" />
    <ClInclude Include="sol3\include\sol\function_types_core.hpp" />
    <ClInclude Include="sol3\include\sol\function_types_overloaded.hpp" />
    <ClInclude Include="sol3\include\sol\function_types_stateful.hpp" />
    <ClInclude Include="sol3\include\sol\function_types_stateless.hpp" />
    <ClInclude Include="sol3\include\sol\function_types_templated.hpp" />
    <ClInclude Include="sol3\include\sol\in_place.hpp" />
    <ClInclude Include="sol3\include\sol\inheritance.hpp" />
    <ClInclude Include="sol3\include\sol\load_result.hpp" />
    <ClInclude Include="sol3\include\sol\lua_table.hpp" />
    <ClInclude Include="sol3\include\sol\lua_value.hpp" />
    <ClInclude Include="sol3\include\sol\make_reference.hpp" />
    <ClInclude Include="sol3\include\sol\metatable.hpp" />
    <ClInclude Include="sol3\include\sol\object.hpp" />
    <ClInclude Include="sol3\include\sol\object_base.hpp" />
    <ClInclude Include="sol3\include\sol\optional.hpp" />
    <ClInclude Include="sol3\include\sol\optional_implementation.hpp" />
    <ClInclude Include="sol3\include\sol\overload.hpp" />
    <ClInclude Include="sol3\include\sol\packaged_coroutine.hpp" />
    <ClInclude Include="sol3\include\sol\pairs_iterator.hpp" />
    <ClInclude Include="sol3\include\sol\pointer_like.hpp" />
    <ClInclude Include="sol3\include\sol\policies.hpp" />
    <ClInclude Include="sol3\include\sol\prologue.hpp" />
    <ClInclude Include="sol3\include\sol\property.hpp" />
    <ClInclude Include="sol3\include\sol\protect.hpp" />
    <ClInclude Include="sol3\include\sol\protected_function.hpp" />
    <ClInclude Include="sol3\include\sol\protected_function_result.hpp" />
    <ClInclude Include="sol3\include\sol\protected_handler.hpp" />
    <ClInclude Include="sol3\include\sol\proxy_base.hpp" />
    <ClInclude Include="sol3\include\sol\raii.hpp" />
    <ClInclude Include="sol3\include\sol\reference.hpp" />
    <ClInclude Include="sol3\include\sol\resolve.hpp" />
    <ClInclude Include="sol3\include\sol\sol.hpp" />
    <ClInclude Include="sol3\include\sol\stack.hpp" />
    <ClInclude Include="sol3\include\sol\stack_check.hpp" />
    <ClInclude Include="sol3\include\sol\stack_check_get.hpp" />
    <ClInclude Include="sol3\include\sol\stack_check_get_qualified.hpp" />
    <ClInclude Include="sol3\include\sol\stack_check_get_unqualified.hpp" />
    <ClInclude Include="sol3\include\sol\stack_check_qualified.hpp" />
    <ClInclude Include="sol3\include\sol\stack_check_unqualified.hpp" />
    <ClInclude Include="sol3\include\sol\stack_core.hpp" />
    <ClInclude Include="sol3\include\sol\stack_field.hpp" />
    <ClInclude Include="sol3\include\sol\stack_get.hpp" />
    <ClInclude Include="sol3\include\sol\stack_get_qualified.hpp" />
    <ClInclude Include="sol3\include\sol\stack_get_unqualified.hpp" />
    <ClInclude Include="sol3\include\sol\stack_guard.hpp" />
    <ClInclude Include="sol3\include\sol\stack_iterator.hpp" />
    <ClInclude Include="sol3\include\sol\stack_pop.hpp" />
    <ClInclude Include="sol3\include\sol\stack_probe.hpp" />
    <ClInclude Include="sol3\include\sol\stack_proxy.hpp" />
    <ClInclude Include="sol3\include\sol\stack_proxy_base.hpp" />
    <ClInclude Include="sol3\include\sol\stack_push.hpp" />
    <ClInclude Include="sol3\include\sol\stack_reference.hpp" />
    <ClInclude Include="sol3\include\sol\state.hpp" />
    <ClInclude Include="sol3\include\sol\state_handling.hpp" />
    <ClInclude Include="sol3\include\sol\state_view.hpp" />
    <ClInclude Include="sol3\include\sol\string_view.hpp" />
    <ClInclude Include="sol3\include\sol\table.hpp" />
    <ClInclude Include="sol3\include\sol\table_core.hpp" />
    <ClInclude Include="sol3\include\sol\table_iterator.hpp" />
    <ClInclude Include="sol3\include\sol\table_proxy.hpp" />
    <ClInclude Include="sol3\include\sol\thread.hpp" />
    <ClInclude Include="sol3\include\sol\tie.hpp" />
    <ClInclude Include="sol3\include\sol\traits.hpp" />
    <ClInclude Include="sol3\include\sol\trampoline.hpp" />
    <ClInclude Include="sol3\include\sol\tuple.hpp" />
    <ClInclude Include="sol3\include\sol\types.hpp" />
    <ClInclude Include="sol3\include\sol\unicode.hpp" />
    <ClInclude Include="sol3\include\sol\unique_usertype_traits.hpp" />
    <ClInclude Include="sol3\include\sol\unsafe_function.hpp" />
    <ClInclude Include="sol3\include\sol\unsafe_function_result.hpp" />
    <ClInclude Include="sol3\include\sol\userdata.hpp" />
    <ClInclude Include="sol3\include\sol\usertype.hpp" />
    <ClInclude Include="sol3\include\sol\usertype_container.hpp" />
    <ClInclude Include="sol3\include\sol\usertype_container_launch.hpp" />
    <ClInclude Include="sol3\include\sol\usertype_core.hpp" />
    <ClInclude Include="sol3\include\sol\usertype_proxy.hpp" />
    <ClInclude Include="sol3\include\sol\usertype_storage.hpp" />
    <ClInclude Include="sol3\include\sol\usertype_traits.hpp" />
    <ClInclude Include="sol3\include\sol\variadic_args.hpp" />
    <ClInclude Include="sol3\include\sol\variadic_results.hpp" />
    <ClInclude Include="sol3\include\sol\version.hpp" />
    <ClInclude Include="sol3\include\sol\wrapper.hpp" />
    <ClInclude Include="stb\include\stb_image.h" />
    <ClInclude Include="stb\include\stb_image_resize.h" />
    <ClInclude Include="stb\include\stb_image_write.h" />
    <ClInclude Include="stb\include\stb_sprintf.h" />
    <ClInclude Include="subprocess\subprocess.h" />
    <ClInclude Include="robin_hood\src\include\robin_hood.h" />
    <ClInclude Include="threadpool\BS_thread_pool.hpp" />
    <ClInclude Include="msdfgl\include\_msdfgl_shaders.h" />
    <ClInclude Include="msdfgl\include\msdfgl.h" />
    <ClInclude Include="msdfgl\include\msdfgl_map.h" />
    <ClInclude Include="msdfgl\include\msdfgl_serializer.h" />
    <ClInclude Include="stb\include\stb_image.h" />
    <ClInclude Include="stb\include\stb_image_resize.h" />
    <ClInclude Include="stb\include\stb_image_write.h" />
    <ClInclude Include="stb\include\stb_sprintf.h" />
    <ClInclude Include="miniaudio\miniaudio.h" />
    <ClInclude Include="zlib_ng_win\include\zconf.h" />
    <ClInclude Include="zlib_ng_win\include\zlib.h" />
    <ClInclude Include="tinyfiledialogs\tinyfiledialogs.h" />
    <ClInclude Include="glfw\include\GLFW\glfw3.h" />
    <ClInclude Include="glfw\include\GLFW\glfw3native.h" />
    <ClInclude Include="glfw\src\internal.h" />
    <ClInclude Include="glfw\src\mappings.h" />
    <ClInclude Include="glfw\src\null_joystick.h" />
    <ClInclude Include="glfw\src\null_platform.h" />
    <ClInclude Include="glfw\src\platform.h" />
    <ClInclude Include="glfw\src\win32_joystick.h" />
    <ClInclude Include="glfw\src\win32_platform.h" />
    <ClInclude Include="glfw\src\win32_thread.h" />
    <ClInclude Include="glfw\src\win32_time.h" />
    <ClInclude Include="imgui\imgui_addons\imgui_notify.h" />
    <ClInclude Include="imgui\imgui_addons\imgui_offset_rect.h" />
    <ClInclude Include="imgui\imgui_addons\imgui_toggle.h" />
    <ClInclude Include="imgui\imgui_addons\imgui_toggle_math.h" />
    <ClInclude Include="imgui\imgui_addons\imgui_toggle_palette.h" />
    <ClInclude Include="imgui\imgui_addons\imgui_toggle_presets.h" />
    <ClInclude Include="imgui\imgui_addons\imgui_toggle_renderer.h" />
    <ClInclude Include="imgui\imgui_addons\material_design_icons.h" />
    <ClInclude Include="imgui\imgui_addons\material_design_icons_ttf.h" />
    <ClInclude Include="imgui\imconfig.h" />
    <ClInclude Include="imgui\imgui.h" />
    <ClInclude Include="imgui\imgui_freetype.h" />
    <ClInclude Include="imgui\imgui_impl_glfw.h" />
    <ClInclude Include="imgui\imgui_impl_opengl3.h" />
    <ClInclude Include="imgui\imgui_impl_opengl3_loader.h" />
    <ClInclude Include="imgui\imgui_internal.h" />
    <ClInclude Include="imgui\imgui_stdlib.h" />
    <ClInclude Include="imgui\imstb_rectpack.h" />
    <ClInclude Include="imgui\imstb_textedit.h" />
    <ClInclude Include="imgui\imstb_truetype.h" />
    <ClInclude Include="pl_mpeg\pl_mpeg.h" />
    <ClInclude Include="glm\glm\detail\_features.hpp" />
    <ClInclude Include="glm\glm\detail\_fixes.hpp" />
    <ClInclude Include="glm\glm\detail\_noise.hpp" />
    <ClInclude Include="glm\glm\detail\_swizzle.hpp" />
    <ClInclude Include="glm\glm\detail\_swizzle_func.hpp" />
    <ClInclude Include="glm\glm\detail\_vectorize.hpp" />
    <ClInclude Include="glm\glm\detail\compute_common.hpp" />
    <ClInclude Include="glm\glm\detail\compute_vector_relational.hpp" />
    <ClInclude Include="glm\glm\detail\qualifier.hpp" />
    <ClInclude Include="glm\glm\detail\setup.hpp" />
    <ClInclude Include="glm\glm\detail\type_float.hpp" />
    <ClInclude Include="glm\glm\detail\type_half.hpp" />
    <ClInclude Include="glm\glm\detail\type_mat2x2.hpp" />
    <ClInclude Include="glm\glm\detail\type_mat2x3.hpp" />
    <ClInclude Include="glm\glm\detail\type_mat2x4.hpp" />
    <ClInclude Include="glm\glm\detail\type_mat3x2.hpp" />
    <ClInclude Include="glm\glm\detail\type_mat3x3.hpp" />
    <ClInclude Include="glm\glm\detail\type_mat3x4.hpp" />
    <ClInclude Include="glm\glm\detail\type_mat4x2.hpp" />
    <ClInclude Include="glm\glm\detail\type_mat4x3.hpp" />
    <ClInclude Include="glm\glm\detail\type_mat4x4.hpp" />
    <ClInclude Include="glm\glm\detail\type_quat.hpp" />
    <ClInclude Include="glm\glm\detail\type_vec1.hpp" />
    <ClInclude Include="glm\glm\detail\type_vec2.hpp" />
    <ClInclude Include="glm\glm\detail\type_vec3.hpp" />
    <ClInclude Include="glm\glm\detail\type_vec4.hpp" />
    <ClInclude Include="glm\glm\ext\_matrix_vectorize.hpp" />
    <ClInclude Include="glm\glm\ext\matrix_clip_space.hpp" />
    <ClInclude Include="glm\glm\ext\matrix_common.hpp" />
    <ClInclude Include="glm\glm\ext\matrix_double2x2.hpp" />
    <ClInclude Include="glm\glm\ext\matrix_double2x2_precision.hpp" />
    <ClInclude Include="glm\glm\ext\matrix_double2x3.hpp" />
    <ClInclude Include="glm\glm\ext\matrix_double2x3_precision.hpp" />
    <ClInclude Include="glm\glm\ext\matrix_double2x4.hpp" />
    <ClInclude Include="glm\glm\ext\matrix_double2x4_precision.hpp" />
    <ClInclude Include="glm\glm\ext\matrix_double3x2.hpp" />
    <ClInclude Include="glm\glm\ext\matrix_double3x2_precision.hpp" />
    <ClInclude Include="glm\glm\ext\matrix_double3x3.hpp" />
    <ClInclude Include="glm\glm\ext\matrix_double3x3_precision.hpp" />
    <ClInclude Include="glm\glm\ext\matrix_double3x4.hpp" />
    <ClInclude Include="glm\glm\ext\matrix_double3x4_precision.hpp" />
    <ClInclude Include="glm\glm\ext\matrix_double4x2.hpp" />
    <ClInclude Include="glm\glm\ext\matrix_double4x2_precision.hpp" />
    <ClInclude Include="glm\glm\ext\matrix_double4x3.hpp" />
    <ClInclude Include="glm\glm\ext\matrix_double4x3_precision.hpp" />
    <ClInclude Include="glm\glm\ext\matrix_double4x4.hpp" />
    <ClInclude Include="glm\glm\ext\matrix_double4x4_precision.hpp" />
    <ClInclude Include="glm\glm\ext\matrix_float2x2.hpp" />
    <ClInclude Include="glm\glm\ext\matrix_float2x2_precision.hpp" />
    <ClInclude Include="glm\glm\ext\matrix_float2x3.hpp" />
    <ClInclude Include="glm\glm\ext\matrix_float2x3_precision.hpp" />
    <ClInclude Include="glm\glm\ext\matrix_float2x4.hpp" />
    <ClInclude Include="glm\glm\ext\matrix_float2x4_precision.hpp" />
    <ClInclude Include="glm\glm\ext\matrix_float3x2.hpp" />
    <ClInclude Include="glm\glm\ext\matrix_float3x2_precision.hpp" />
    <ClInclude Include="glm\glm\ext\matrix_float3x3.hpp" />
    <ClInclude Include="glm\glm\ext\matrix_float3x3_precision.hpp" />
    <ClInclude Include="glm\glm\ext\matrix_float3x4.hpp" />
    <ClInclude Include="glm\glm\ext\matrix_float3x4_precision.hpp" />
    <ClInclude Include="glm\glm\ext\matrix_float4x2.hpp" />
    <ClInclude Include="glm\glm\ext\matrix_float4x2_precision.hpp" />
    <ClInclude Include="glm\glm\ext\matrix_float4x3.hpp" />
    <ClInclude Include="glm\glm\ext\matrix_float4x3_precision.hpp" />
    <ClInclude Include="glm\glm\ext\matrix_float4x4.hpp" />
    <ClInclude Include="glm\glm\ext\matrix_float4x4_precision.hpp" />
    <ClInclude Include="glm\glm\ext\matrix_int2x2.hpp" />
    <ClInclude Include="glm\glm\ext\matrix_int2x2_sized.hpp" />
    <ClInclude Include="glm\glm\ext\matrix_int2x3.hpp" />
    <ClInclude Include="glm\glm\ext\matrix_int2x3_sized.hpp" />
    <ClInclude Include="glm\glm\ext\matrix_int2x4.hpp" />
    <ClInclude Include="glm\glm\ext\matrix_int2x4_sized.hpp" />
    <ClInclude Include="glm\glm\ext\matrix_int3x2.hpp" />
    <ClInclude Include="glm\glm\ext\matrix_int3x2_sized.hpp" />
    <ClInclude Include="glm\glm\ext\matrix_int3x3.hpp" />
    <ClInclude Include="glm\glm\ext\matrix_int3x3_sized.hpp" />
    <ClInclude Include="glm\glm\ext\matrix_int3x4.hpp" />
    <ClInclude Include="glm\glm\ext\matrix_int3x4_sized.hpp" />
    <ClInclude Include="glm\glm\ext\matrix_int4x2.hpp" />
    <ClInclude Include="glm\glm\ext\matrix_int4x2_sized.hpp" />
    <ClInclude Include="glm\glm\ext\matrix_int4x3.hpp" />
    <ClInclude Include="glm\glm\ext\matrix_int4x3_sized.hpp" />
    <ClInclude Include="glm\glm\ext\matrix_int4x4.hpp" />
    <ClInclude Include="glm\glm\ext\matrix_int4x4_sized.hpp" />
    <ClInclude Include="glm\glm\ext\matrix_integer.hpp" />
    <ClInclude Include="glm\glm\ext\matrix_projection.hpp" />
    <ClInclude Include="glm\glm\ext\matrix_relational.hpp" />
    <ClInclude Include="glm\glm\ext\matrix_transform.hpp" />
    <ClInclude Include="glm\glm\ext\matrix_uint2x2.hpp" />
    <ClInclude Include="glm\glm\ext\matrix_uint2x2_sized.hpp" />
    <ClInclude Include="glm\glm\ext\matrix_uint2x3.hpp" />
    <ClInclude Include="glm\glm\ext\matrix_uint2x3_sized.hpp" />
    <ClInclude Include="glm\glm\ext\matrix_uint2x4.hpp" />
    <ClInclude Include="glm\glm\ext\matrix_uint2x4_sized.hpp" />
    <ClInclude Include="glm\glm\ext\matrix_uint3x2.hpp" />
    <ClInclude Include="glm\glm\ext\matrix_uint3x2_sized.hpp" />
    <ClInclude Include="glm\glm\ext\matrix_uint3x3.hpp" />
    <ClInclude Include="glm\glm\ext\matrix_uint3x3_sized.hpp" />
    <ClInclude Include="glm\glm\ext\matrix_uint3x4.hpp" />
    <ClInclude Include="glm\glm\ext\matrix_uint3x4_sized.hpp" />
    <ClInclude Include="glm\glm\ext\matrix_uint4x2.hpp" />
    <ClInclude Include="glm\glm\ext\matrix_uint4x2_sized.hpp" />
    <ClInclude Include="glm\glm\ext\matrix_uint4x3.hpp" />
    <ClInclude Include="glm\glm\ext\matrix_uint4x3_sized.hpp" />
    <ClInclude Include="glm\glm\ext\matrix_uint4x4.hpp" />
    <ClInclude Include="glm\glm\ext\matrix_uint4x4_sized.hpp" />
    <ClInclude Include="glm\glm\ext\quaternion_common.hpp" />
    <ClInclude Include="glm\glm\ext\quaternion_double.hpp" />
    <ClInclude Include="glm\glm\ext\quaternion_double_precision.hpp" />
    <ClInclude Include="glm\glm\ext\quaternion_exponential.hpp" />
    <ClInclude Include="glm\glm\ext\quaternion_float.hpp" />
    <ClInclude Include="glm\glm\ext\quaternion_float_precision.hpp" />
    <ClInclude Include="glm\glm\ext\quaternion_geometric.hpp" />
    <ClInclude Include="glm\glm\ext\quaternion_relational.hpp" />
    <ClInclude Include="glm\glm\ext\quaternion_transform.hpp" />
    <ClInclude Include="glm\glm\ext\quaternion_trigonometric.hpp" />
    <ClInclude Include="glm\glm\ext\scalar_common.hpp" />
    <ClInclude Include="glm\glm\ext\scalar_constants.hpp" />
    <ClInclude Include="glm\glm\ext\scalar_int_sized.hpp" />
    <ClInclude Include="glm\glm\ext\scalar_integer.hpp" />
    <ClInclude Include="glm\glm\ext\scalar_packing.hpp" />
    <ClInclude Include="glm\glm\ext\scalar_reciprocal.hpp" />
    <ClInclude Include="glm\glm\ext\scalar_relational.hpp" />
    <ClInclude Include="glm\glm\ext\scalar_uint_sized.hpp" />
    <ClInclude Include="glm\glm\ext\scalar_ulp.hpp" />
    <ClInclude Include="glm\glm\ext\vector_bool1.hpp" />
    <ClInclude Include="glm\glm\ext\vector_bool1_precision.hpp" />
    <ClInclude Include="glm\glm\ext\vector_bool2.hpp" />
    <ClInclude Include="glm\glm\ext\vector_bool2_precision.hpp" />
    <ClInclude Include="glm\glm\ext\vector_bool3.hpp" />
    <ClInclude Include="glm\glm\ext\vector_bool3_precision.hpp" />
    <ClInclude Include="glm\glm\ext\vector_bool4.hpp" />
    <ClInclude Include="glm\glm\ext\vector_bool4_precision.hpp" />
    <ClInclude Include="glm\glm\ext\vector_common.hpp" />
    <ClInclude Include="glm\glm\ext\vector_double1.hpp" />
    <ClInclude Include="glm\glm\ext\vector_double1_precision.hpp" />
    <ClInclude Include="glm\glm\ext\vector_double2.hpp" />
    <ClInclude Include="glm\glm\ext\vector_double2_precision.hpp" />
    <ClInclude Include="glm\glm\ext\vector_double3.hpp" />
    <ClInclude Include="glm\glm\ext\vector_double3_precision.hpp" />
    <ClInclude Include="glm\glm\ext\vector_double4.hpp" />
    <ClInclude Include="glm\glm\ext\vector_double4_precision.hpp" />
    <ClInclude Include="glm\glm\ext\vector_float1.hpp" />
    <ClInclude Include="glm\glm\ext\vector_float1_precision.hpp" />
    <ClInclude Include="glm\glm\ext\vector_float2.hpp" />
    <ClInclude Include="glm\glm\ext\vector_float2_precision.hpp" />
    <ClInclude Include="glm\glm\ext\vector_float3.hpp" />
    <ClInclude Include="glm\glm\ext\vector_float3_precision.hpp" />
    <ClInclude Include="glm\glm\ext\vector_float4.hpp" />
    <ClInclude Include="glm\glm\ext\vector_float4_precision.hpp" />
    <ClInclude Include="glm\glm\ext\vector_int1.hpp" />
    <ClInclude Include="glm\glm\ext\vector_int1_sized.hpp" />
    <ClInclude Include="glm\glm\ext\vector_int2.hpp" />
    <ClInclude Include="glm\glm\ext\vector_int2_sized.hpp" />
    <ClInclude Include="glm\glm\ext\vector_int3.hpp" />
    <ClInclude Include="glm\glm\ext\vector_int3_sized.hpp" />
    <ClInclude Include="glm\glm\ext\vector_int4.hpp" />
    <ClInclude Include="glm\glm\ext\vector_int4_sized.hpp" />
    <ClInclude Include="glm\glm\ext\vector_integer.hpp" />
    <ClInclude Include="glm\glm\ext\vector_packing.hpp" />
    <ClInclude Include="glm\glm\ext\vector_reciprocal.hpp" />
    <ClInclude Include="glm\glm\ext\vector_relational.hpp" />
    <ClInclude Include="glm\glm\ext\vector_uint1.hpp" />
    <ClInclude Include="glm\glm\ext\vector_uint1_sized.hpp" />
    <ClInclude Include="glm\glm\ext\vector_uint2.hpp" />
    <ClInclude Include="glm\glm\ext\vector_uint2_sized.hpp" />
    <ClInclude Include="glm\glm\ext\vector_uint3.hpp" />
    <ClInclude Include="glm\glm\ext\vector_uint3_sized.hpp" />
    <ClInclude Include="glm\glm\ext\vector_uint4.hpp" />
    <ClInclude Include="glm\glm\ext\vector_uint4_sized.hpp" />
    <ClInclude Include="glm\glm\ext\vector_ulp.hpp" />
    <ClInclude Include="glm\glm\gtc\bitfield.hpp" />
    <ClInclude Include="glm\glm\gtc\color_space.hpp" />
    <ClInclude Include="glm\glm\gtc\constants.hpp" />
    <ClInclude Include="glm\glm\gtc\epsilon.hpp" />
    <ClInclude Include="glm\glm\gtc\integer.hpp" />
    <ClInclude Include="glm\glm\gtc\matrix_access.hpp" />
    <ClInclude Include="glm\glm\gtc\matrix_integer.hpp" />
    <ClInclude Include="glm\glm\gtc\matrix_inverse.hpp" />
    <ClInclude Include="glm\glm\gtc\matrix_transform.hpp" />
    <ClInclude Include="glm\glm\gtc\noise.hpp" />
    <ClInclude Include="glm\glm\gtc\packing.hpp" />
    <ClInclude Include="glm\glm\gtc\quaternion.hpp" />
    <ClInclude Include="glm\glm\gtc\random.hpp" />
    <ClInclude Include="glm\glm\gtc\reciprocal.hpp" />
    <ClInclude Include="glm\glm\gtc\round.hpp" />
    <ClInclude Include="glm\glm\gtc\type_aligned.hpp" />
    <ClInclude Include="glm\glm\gtc\type_precision.hpp" />
    <ClInclude Include="glm\glm\gtc\type_ptr.hpp" />
    <ClInclude Include="glm\glm\gtc\ulp.hpp" />
    <ClInclude Include="glm\glm\gtc\vec1.hpp" />
    <ClInclude Include="glm\glm\gtx\associated_min_max.hpp" />
    <ClInclude Include="glm\glm\gtx\bit.hpp" />
    <ClInclude Include="glm\glm\gtx\closest_point.hpp" />
    <ClInclude Include="glm\glm\gtx\color_encoding.hpp" />
    <ClInclude Include="glm\glm\gtx\color_space.hpp" />
    <ClInclude Include="glm\glm\gtx\color_space_YCoCg.hpp" />
    <ClInclude Include="glm\glm\gtx\common.hpp" />
    <ClInclude Include="glm\glm\gtx\compatibility.hpp" />
    <ClInclude Include="glm\glm\gtx\component_wise.hpp" />
    <ClInclude Include="glm\glm\gtx\dual_quaternion.hpp" />
    <ClInclude Include="glm\glm\gtx\easing.hpp" />
    <ClInclude Include="glm\glm\gtx\euler_angles.hpp" />
    <ClInclude Include="glm\glm\gtx\extend.hpp" />
    <ClInclude Include="glm\glm\gtx\extended_min_max.hpp" />
    <ClInclude Include="glm\glm\gtx\exterior_product.hpp" />
    <ClInclude Include="glm\glm\gtx\fast_exponential.hpp" />
    <ClInclude Include="glm\glm\gtx\fast_square_root.hpp" />
    <ClInclude Include="glm\glm\gtx\fast_trigonometry.hpp" />
    <ClInclude Include="glm\glm\gtx\functions.hpp" />
    <ClInclude Include="glm\glm\gtx\gradient_paint.hpp" />
    <ClInclude Include="glm\glm\gtx\handed_coordinate_space.hpp" />
    <ClInclude Include="glm\glm\gtx\hash.hpp" />
    <ClInclude Include="glm\glm\gtx\integer.hpp" />
    <ClInclude Include="glm\glm\gtx\intersect.hpp" />
    <ClInclude Include="glm\glm\gtx\io.hpp" />
    <ClInclude Include="glm\glm\gtx\log_base.hpp" />
    <ClInclude Include="glm\glm\gtx\matrix_cross_product.hpp" />
    <ClInclude Include="glm\glm\gtx\matrix_decompose.hpp" />
    <ClInclude Include="glm\glm\gtx\matrix_factorisation.hpp" />
    <ClInclude Include="glm\glm\gtx\matrix_interpolation.hpp" />
    <ClInclude Include="glm\glm\gtx\matrix_major_storage.hpp" />
    <ClInclude Include="glm\glm\gtx\matrix_operation.hpp" />
    <ClInclude Include="glm\glm\gtx\matrix_query.hpp" />
    <ClInclude Include="glm\glm\gtx\matrix_transform_2d.hpp" />
    <ClInclude Include="glm\glm\gtx\mixed_product.hpp" />
    <ClInclude Include="glm\glm\gtx\norm.hpp" />
    <ClInclude Include="glm\glm\gtx\normal.hpp" />
    <ClInclude Include="glm\glm\gtx\normalize_dot.hpp" />
    <ClInclude Include="glm\glm\gtx\number_precision.hpp" />
    <ClInclude Include="glm\glm\gtx\optimum_pow.hpp" />
    <ClInclude Include="glm\glm\gtx\orthonormalize.hpp" />
    <ClInclude Include="glm\glm\gtx\pca.hpp" />
    <ClInclude Include="glm\glm\gtx\perpendicular.hpp" />
    <ClInclude Include="glm\glm\gtx\polar_coordinates.hpp" />
    <ClInclude Include="glm\glm\gtx\projection.hpp" />
    <ClInclude Include="glm\glm\gtx\quaternion.hpp" />
    <ClInclude Include="glm\glm\gtx\range.hpp" />
    <ClInclude Include="glm\glm\gtx\raw_data.hpp" />
    <ClInclude Include="glm\glm\gtx\rotate_normalized_axis.hpp" />
    <ClInclude Include="glm\glm\gtx\rotate_vector.hpp" />
    <ClInclude Include="glm\glm\gtx\scalar_multiplication.hpp" />
    <ClInclude Include="glm\glm\gtx\scalar_relational.hpp" />
    <ClInclude Include="glm\glm\gtx\spline.hpp" />
    <ClInclude Include="glm\glm\gtx\std_based_type.hpp" />
    <ClInclude Include="glm\glm\gtx\string_cast.hpp" />
    <ClInclude Include="glm\glm\gtx\texture.hpp" />
    <ClInclude Include="glm\glm\gtx\transform.hpp" />
    <ClInclude Include="glm\glm\gtx\transform2.hpp" />
    <ClInclude Include="glm\glm\gtx\type_aligned.hpp" />
    <ClInclude Include="glm\glm\gtx\type_trait.hpp" />
    <ClInclude Include="glm\glm\gtx\vec_swizzle.hpp" />
    <ClInclude Include="glm\glm\gtx\vector_angle.hpp" />
    <ClInclude Include="glm\glm\gtx\vector_query.hpp" />
    <ClInclude Include="glm\glm\gtx\wrap.hpp" />
    <ClInclude Include="glm\glm\simd\common.h" />
    <ClInclude Include="glm\glm\simd\exponential.h" />
    <ClInclude Include="glm\glm\simd\geometric.h" />
    <ClInclude Include="glm\glm\simd\integer.h" />
    <ClInclude Include="glm\glm\simd\matrix.h" />
    <ClInclude Include="glm\glm\simd\neon.h" />
    <ClInclude Include="glm\glm\simd\packing.h" />
    <ClInclude Include="glm\glm\simd\platform.h" />
    <ClInclude Include="glm\glm\simd\trigonometric.h" />
    <ClInclude Include="glm\glm\simd\vector_relational.h" />
    <ClInclude Include="glm\glm\common.hpp" />
    <ClInclude Include="glm\glm\exponential.hpp" />
    <ClInclude Include="glm\glm\ext.hpp" />
    <ClInclude Include="glm\glm\fwd.hpp" />
    <ClInclude Include="glm\glm\geometric.hpp" />
    <ClInclude Include="glm\glm\glm.hpp" />
    <ClInclude Include="glm\glm\integer.hpp" />
    <ClInclude Include="glm\glm\mat2x2.hpp" />
    <ClInclude Include="glm\glm\mat2x3.hpp" />
    <ClInclude Include="glm\glm\mat2x4.hpp" />
    <ClInclude Include="glm\glm\mat3x2.hpp" />
    <ClInclude Include="glm\glm\mat3x3.hpp" />
    <ClInclude Include="glm\glm\mat3x4.hpp" />
    <ClInclude Include="glm\glm\mat4x2.hpp" />
    <ClInclude Include="glm\glm\mat4x3.hpp" />
    <ClInclude Include="glm\glm\mat4x4.hpp" />
    <ClInclude Include="glm\glm\matrix.hpp" />
    <ClInclude Include="glm\glm\packing.hpp" />
    <ClInclude Include="glm\glm\trigonometric.hpp" />
    <ClInclude Include="glm\glm\vec2.hpp" />
    <ClInclude Include="glm\glm\vec3.hpp" />
    <ClInclude Include="glm\glm\vec4.hpp" />
    <ClInclude Include="glm\glm\vector_relational.hpp" />
    <ClInclude Include="magic_enum\include\magic_enum_all.hpp" />
    <ClInclude Include="magic_enum\include\magic_enum_containers.hpp" />
    <ClInclude Include="magic_enum\include\magic_enum_flags.hpp" />
    <ClInclude Include="magic_enum\include\magic_enum_iostream.hpp" />
    <ClInclude Include="magic_enum\include\magic_enum_switch.hpp" />
    <ClInclude Include="magic_enum\include\magic_enum_utility.hpp" />
    <ClInclude Include="mimalloc\include\mimalloc\atomic.h" />
    <ClInclude Include="mimalloc\include\mimalloc\internal.h" />
    <ClInclude Include="mimalloc\include\mimalloc\prim.h" />
    <ClInclude Include="mimalloc\include\mimalloc\track.h" />
    <ClInclude Include="mimalloc\include\mimalloc\types.h" />
    <ClInclude Include="mimalloc\include\mimalloc.h" />
    <ClInclude Include="mimalloc\include\mimalloc-new-delete.h" />
    <ClInclude Include="mimalloc\include\mimalloc-override.h" />
    <ClInclude Include="threadpool\include\BS_thread_pool.hpp" />
    <ClInclude Include="threadpool\include\BS_thread_pool_light.hpp" />
    <ClInclude Include="fastnoise2\include\FastNoise\Generators\BasicGenerators.h" />
    <ClInclude Include="fastnoise2\include\FastNoise\Generators\Blends.h" />
    <ClInclude Include="fastnoise2\include\FastNoise\Generators\Cellular.h" />
    <ClInclude Include="fastnoise2\include\FastNoise\Generators\DomainWarp.h" />
    <ClInclude Include="fastnoise2\include\FastNoise\Generators\DomainWarpFractal.h" />
    <ClInclude Include="fastnoise2\include\FastNoise\Generators\Fractal.h" />
    <ClInclude Include="fastnoise2\include\FastNoise\Generators\Generator.h" />
    <ClInclude Include="fastnoise2\include\FastNoise\Generators\Modifiers.h" />
    <ClInclude Include="fastnoise2\include\FastNoise\Generators\Perlin.h" />
    <ClInclude Include="fastnoise2\include\FastNoise\Generators\Simplex.h" />
    <ClInclude Include="fastnoise2\include\FastNoise\Generators\Value.h" />
    <ClInclude Include="fastnoise2\include\FastNoise\FastNoise.h" />
    <ClInclude Include="fastnoise2\include\FastNoise\FastNoise_C.h" />
    <ClInclude Include="fastnoise2\include\FastNoise\FastNoise_Config.h" />
    <ClInclude Include="fastnoise2\include\FastNoise\FastNoise_Export.h" />
    <ClInclude Include="fastnoise2\include\FastNoise\Metadata.h" />
    <ClInclude Include="fastnoise2\include\FastNoise\SmartNode.h" />
    <ClInclude Include="fastnoise2\include\FastSIMD\FastSIMD.h" />
    <ClInclude Include="fastnoise2\include\FastSIMD\FastSIMD_Config.h" />
    <ClInclude Include="fastnoise2\include\FastSIMD\FastSIMD_Export.h" />
    <ClInclude Include="fastnoise2\include\FastSIMD\FunctionList.h" />
    <ClInclude Include="fastnoise2\include\FastSIMD\InlInclude.h" />
    <ClInclude Include="fastnoise2\include\FastSIMD\SIMDTypeList.h" />
    <ClInclude Include="imgui\imgui_addons\code_editor\panels\DirectoryFinder.h" />
    <ClInclude Include="imgui\imgui_addons\code_editor\panels\DirectoryTreeView.h" />
    <ClInclude Include="imgui\imgui_addons\code_editor\panels\FileTextEdit.h" />
    <ClInclude Include="imgui\imgui_addons\code_editor\ImGuiController.h" />
    <ClInclude Include="imgui\imgui_addons\code_editor\PathUtils.h" />
    <ClInclude Include="imgui\imgui_addons\code_editor\portable-file-dialogs.h" />
    <ClInclude Include="imgui\imgui_addons\code_editor\TextEditor.h" />
    <ClInclude Include="imgui\imgui_addons\code_editor\Trie.h" />
    <ClInclude Include="imgui\imgui_addons\code_editor\Utils.h" />
    <ClInclude Include="tileson\include\tileson.hpp" />
    <ClInclude Include="imgui\imgui_addons\imnodes.h" />
    <ClInclude Include="imgui\imgui_addons\imnodes_internal.h" />
    <ClInclude Include="nuklear\nuklear.h" />
    <ClInclude Include="nuklear\Nuklear.hpp" />
    <ClInclude Include="nuklear\nuklear_glfw_gl4.h" />
    <ClInclude Include="imgui\imgui_addons\imgui_markdown.h" />
    <ClInclude Include="imgui\imgui_addons\ImTween.h" />
    <ClInclude Include="cute\cute_c2.h" />
    <ClInclude Include="zip\src\miniz.h" />
    <ClInclude Include="zip\src\zip.h" />
    <ClInclude Include="ldtkloader\include\LDtkLoader\containers\FieldsContainer.hpp" />
    <ClInclude Include="ldtkloader\include\LDtkLoader\containers\TagsContainer.hpp" />
    <ClInclude Include="ldtkloader\include\LDtkLoader\defs\EntityDef.hpp" />
    <ClInclude Include="ldtkloader\include\LDtkLoader\defs\FieldDef.hpp" />
    <ClInclude Include="ldtkloader\include\LDtkLoader\defs\LayerDef.hpp" />
    <ClInclude Include="ldtkloader\include\LDtkLoader\thirdparty\json_fwd.hpp" />
    <ClInclude Include="ldtkloader\include\LDtkLoader\thirdparty\optional.hpp" />
    <ClInclude Include="ldtkloader\include\LDtkLoader\DataTypes.hpp" />
    <ClInclude Include="ldtkloader\include\LDtkLoader\Entity.hpp" />
    <ClInclude Include="ldtkloader\include\LDtkLoader\Enum.hpp" />
    <ClInclude Include="ldtkloader\include\LDtkLoader\Field.hpp" />
    <ClInclude Include="ldtkloader\include\LDtkLoader\Layer.hpp" />
    <ClInclude Include="ldtkloader\include\LDtkLoader\Level.hpp" />
    <ClInclude Include="ldtkloader\include\LDtkLoader\Project.hpp" />
    <ClInclude Include="ldtkloader\include\LDtkLoader\Tile.hpp" />
    <ClInclude Include="ldtkloader\include\LDtkLoader\Tileset.hpp" />
    <ClInclude Include="ldtkloader\include\LDtkLoader\Utils.hpp" />
    <ClInclude Include="ldtkloader\include\LDtkLoader\World.hpp" />
    <ClInclude Include="ldtkloader\src\json.hpp" />
    <ClInclude Include="ldtkloader\include\LDtkLoader\generated\Version.hpp" />
    <ClInclude Include="ldtkloader_generated\LDtkLoader\generated\Version.hpp" />
  </ItemGroup>
  <ItemGroup>
    <None Include="glm\glm\detail\func_common.inl" />
    <None Include="glm\glm\detail\func_common_simd.inl" />
    <None Include="glm\glm\detail\func_exponential.inl" />
    <None Include="glm\glm\detail\func_exponential_simd.inl" />
    <None Include="glm\glm\detail\func_geometric.inl" />
    <None Include="glm\glm\detail\func_geometric_simd.inl" />
    <None Include="glm\glm\detail\func_integer.inl" />
    <None Include="glm\glm\detail\func_integer_simd.inl" />
    <None Include="glm\glm\detail\func_matrix.inl" />
    <None Include="glm\glm\detail\func_matrix_simd.inl" />
    <None Include="glm\glm\detail\func_packing.inl" />
    <None Include="glm\glm\detail\func_packing_simd.inl" />
    <None Include="glm\glm\detail\func_trigonometric.inl" />
    <None Include="glm\glm\detail\func_trigonometric_simd.inl" />
    <None Include="glm\glm\detail\func_vector_relational.inl" />
    <None Include="glm\glm\detail\func_vector_relational_simd.inl" />
    <None Include="glm\glm\detail\type_half.inl" />
    <None Include="glm\glm\detail\type_mat2x2.inl" />
    <None Include="glm\glm\detail\type_mat2x3.inl" />
    <None Include="glm\glm\detail\type_mat2x4.inl" />
    <None Include="glm\glm\detail\type_mat3x2.inl" />
    <None Include="glm\glm\detail\type_mat3x3.inl" />
    <None Include="glm\glm\detail\type_mat3x4.inl" />
    <None Include="glm\glm\detail\type_mat4x2.inl" />
    <None Include="glm\glm\detail\type_mat4x3.inl" />
    <None Include="glm\glm\detail\type_mat4x4.inl" />
    <None Include="glm\glm\detail\type_mat4x4_simd.inl" />
    <None Include="glm\glm\detail\type_quat.inl" />
    <None Include="glm\glm\detail\type_quat_simd.inl" />
    <None Include="glm\glm\detail\type_vec1.inl" />
    <None Include="glm\glm\detail\type_vec2.inl" />
    <None Include="glm\glm\detail\type_vec3.inl" />
    <None Include="glm\glm\detail\type_vec4.inl" />
    <None Include="glm\glm\detail\type_vec4_simd.inl" />
    <None Include="glm\glm\ext\matrix_clip_space.inl" />
    <None Include="glm\glm\ext\matrix_common.inl" />
    <None Include="glm\glm\ext\matrix_integer.inl" />
    <None Include="glm\glm\ext\matrix_projection.inl" />
    <None Include="glm\glm\ext\matrix_relational.inl" />
    <None Include="glm\glm\ext\matrix_transform.inl" />
    <None Include="glm\glm\ext\quaternion_common.inl" />
    <None Include="glm\glm\ext\quaternion_common_simd.inl" />
    <None Include="glm\glm\ext\quaternion_exponential.inl" />
    <None Include="glm\glm\ext\quaternion_geometric.inl" />
    <None Include="glm\glm\ext\quaternion_relational.inl" />
    <None Include="glm\glm\ext\quaternion_transform.inl" />
    <None Include="glm\glm\ext\quaternion_trigonometric.inl" />
    <None Include="glm\glm\ext\scalar_common.inl" />
    <None Include="glm\glm\ext\scalar_constants.inl" />
    <None Include="glm\glm\ext\scalar_integer.inl" />
    <None Include="glm\glm\ext\scalar_packing.inl" />
    <None Include="glm\glm\ext\scalar_reciprocal.inl" />
    <None Include="glm\glm\ext\scalar_relational.inl" />
    <None Include="glm\glm\ext\scalar_ulp.inl" />
    <None Include="glm\glm\ext\vector_common.inl" />
    <None Include="glm\glm\ext\vector_integer.inl" />
    <None Include="glm\glm\ext\vector_packing.inl" />
    <None Include="glm\glm\ext\vector_reciprocal.inl" />
    <None Include="glm\glm\ext\vector_relational.inl" />
    <None Include="glm\glm\ext\vector_ulp.inl" />
    <None Include="glm\glm\gtc\bitfield.inl" />
    <None Include="glm\glm\gtc\color_space.inl" />
    <None Include="glm\glm\gtc\constants.inl" />
    <None Include="glm\glm\gtc\epsilon.inl" />
    <None Include="glm\glm\gtc\integer.inl" />
    <None Include="glm\glm\gtc\matrix_access.inl" />
    <None Include="glm\glm\gtc\matrix_inverse.inl" />
    <None Include="glm\glm\gtc\matrix_transform.inl" />
    <None Include="glm\glm\gtc\noise.inl" />
    <None Include="glm\glm\gtc\packing.inl" />
    <None Include="glm\glm\gtc\quaternion.inl" />
    <None Include="glm\glm\gtc\quaternion_simd.inl" />
    <None Include="glm\glm\gtc\random.inl" />
    <None Include="glm\glm\gtc\round.inl" />
    <None Include="glm\glm\gtc\type_precision.inl" />
    <None Include="glm\glm\gtc\type_ptr.inl" />
    <None Include="glm\glm\gtc\ulp.inl" />
    <None Include="glm\glm\gtx\associated_min_max.inl" />
    <None Include="glm\glm\gtx\bit.inl" />
    <None Include="glm\glm\gtx\closest_point.inl" />
    <None Include="glm\glm\gtx\color_encoding.inl" />
    <None Include="glm\glm\gtx\color_space.inl" />
    <None Include="glm\glm\gtx\color_space_YCoCg.inl" />
    <None Include="glm\glm\gtx\common.inl" />
    <None Include="glm\glm\gtx\compatibility.inl" />
    <None Include="glm\glm\gtx\component_wise.inl" />
    <None Include="glm\glm\gtx\dual_quaternion.inl" />
    <None Include="glm\glm\gtx\easing.inl" />
    <None Include="glm\glm\gtx\euler_angles.inl" />
    <None Include="glm\glm\gtx\extend.inl" />
    <None Include="glm\glm\gtx\extended_min_max.inl" />
    <None Include="glm\glm\gtx\exterior_product.inl" />
    <None Include="glm\glm\gtx\fast_exponential.inl" />
    <None Include="glm\glm\gtx\fast_square_root.inl" />
    <None Include="glm\glm\gtx\fast_trigonometry.inl" />
    <None Include="glm\glm\gtx\float_notmalize.inl" />
    <None Include="glm\glm\gtx\functions.inl" />
    <None Include="glm\glm\gtx\gradient_paint.inl" />
    <None Include="glm\glm\gtx\handed_coordinate_space.inl" />
    <None Include="glm\glm\gtx\hash.inl" />
    <None Include="glm\glm\gtx\integer.inl" />
    <None Include="glm\glm\gtx\intersect.inl" />
    <None Include="glm\glm\gtx\io.inl" />
    <None Include="glm\glm\gtx\log_base.inl" />
    <None Include="glm\glm\gtx\matrix_cross_product.inl" />
    <None Include="glm\glm\gtx\matrix_decompose.inl" />
    <None Include="glm\glm\gtx\matrix_factorisation.inl" />
    <None Include="glm\glm\gtx\matrix_interpolation.inl" />
    <None Include="glm\glm\gtx\matrix_major_storage.inl" />
    <None Include="glm\glm\gtx\matrix_operation.inl" />
    <None Include="glm\glm\gtx\matrix_query.inl" />
    <None Include="glm\glm\gtx\matrix_transform_2d.inl" />
    <None Include="glm\glm\gtx\mixed_product.inl" />
    <None Include="glm\glm\gtx\norm.inl" />
    <None Include="glm\glm\gtx\normal.inl" />
    <None Include="glm\glm\gtx\normalize_dot.inl" />
    <None Include="glm\glm\gtx\number_precision.inl" />
    <None Include="glm\glm\gtx\optimum_pow.inl" />
    <None Include="glm\glm\gtx\orthonormalize.inl" />
    <None Include="glm\glm\gtx\pca.inl" />
    <None Include="glm\glm\gtx\perpendicular.inl" />
    <None Include="glm\glm\gtx\polar_coordinates.inl" />
    <None Include="glm\glm\gtx\projection.inl" />
    <None Include="glm\glm\gtx\quaternion.inl" />
    <None Include="glm\glm\gtx\raw_data.inl" />
    <None Include="glm\glm\gtx\rotate_normalized_axis.inl" />
    <None Include="glm\glm\gtx\rotate_vector.inl" />
    <None Include="glm\glm\gtx\scalar_relational.inl" />
    <None Include="glm\glm\gtx\spline.inl" />
    <None Include="glm\glm\gtx\std_based_type.inl" />
    <None Include="glm\glm\gtx\string_cast.inl" />
    <None Include="glm\glm\gtx\texture.inl" />
    <None Include="glm\glm\gtx\transform.inl" />
    <None Include="glm\glm\gtx\transform2.inl" />
    <None Include="glm\glm\gtx\type_aligned.inl" />
    <None Include="glm\glm\gtx\type_trait.inl" />
    <None Include="glm\glm\gtx\vector_angle.inl" />
    <None Include="glm\glm\gtx\vector_query.inl" />
    <None Include="glm\glm\gtx\wrap.inl" />
    <None Include="fastnoise2\include\FastNoise\Generators\BasicGenerators.inl" />
    <None Include="fastnoise2\include\FastNoise\Generators\Blends.inl" />
    <None Include="fastnoise2\include\FastNoise\Generators\Cellular.inl" />
    <None Include="fastnoise2\include\FastNoise\Generators\DomainWarp.inl" />
    <None Include="fastnoise2\include\FastNoise\Generators\DomainWarpFractal.inl" />
    <None Include="fastnoise2\include\FastNoise\Generators\Fractal.inl" />
    <None Include="fastnoise2\include\FastNoise\Generators\Generator.inl" />
    <None Include="fastnoise2\include\FastNoise\Generators\Modifiers.inl" />
    <None Include="fastnoise2\include\FastNoise\Generators\Perlin.inl" />
    <None Include="fastnoise2\include\FastNoise\Generators\Simplex.inl" />
    <None Include="fastnoise2\include\FastNoise\Generators\Utils.inl" />
    <None Include="fastnoise2\include\FastNoise\Generators\Value.inl" />
    <None Include="fastnoise2\include\FastNoise\FastNoise_BuildList.inl" />
  </ItemGroup>
</Project>