<?xml version="1.0" encoding="utf-8"?>
<Project ToolsVersion="4.0" xmlns="http://schemas.microsoft.com/developer/msbuild/2003">
  <ItemGroup>
    <ClCompile Include="source\re\app\Application.cpp" />
    <ClCompile Include="source\re\app\World.cpp" />
    <ClCompile Include="source\re\audio\Music.cpp" />
    <ClCompile Include="source\re\audio\Sound.cpp" />
    <ClCompile Include="source\re\component\AnimatedSpriteComponent.cpp" />
    <ClCompile Include="source\re\component\EventComponent.cpp" />
    <ClCompile Include="source\re\component\MusicComponent.cpp" />
    <ClCompile Include="source\re\component\PositionComponent.cpp" />
    <ClCompile Include="source\re\component\SoundComponent.cpp" />
    <ClCompile Include="source\re\component\SpriteComponent.cpp" />
    <ClCompile Include="source\re\component\TextComponent.cpp" />
    <ClCompile Include="source\re\entity\Entity.cpp" />
    <ClCompile Include="source\re\graphics\AnimatedSprite.cpp" />
    <ClCompile Include="source\re\graphics\Animation.cpp" />
    <ClCompile Include="source\re\graphics\Group.cpp" />
    <ClCompile Include="source\re\graphics\Window.cpp" />
    <ClCompile Include="source\re\services\vfs\sfmlphysfs.cpp" />
    <ClCompile Include="source\re\services\vfs\VFS.cpp" />
    <ClCompile Include="source\re\services\Config.cpp" />
    <ClCompile Include="source\re\services\ServiceLocator.cpp" />
    <ClCompile Include="source\re\systems\EventSystem.cpp" />
    <ClCompile Include="source\re\systems\MoveSystem.cpp" />
    <ClCompile Include="source\re\systems\RenderSystem.cpp" />
    <ClCompile Include="source\re\types\System.cpp" />
    <ClCompile Include="source\re\component\TimeComponent.cpp" />
    <ClCompile Include="source\re\graphics\FontManager.cpp" />
    <ClCompile Include="source\re\systems\StateManager.cpp" />
    <ClCompile Include="source\re\mapping\Level.cpp" />
    <ClCompile Include="source\re\utility\Log.cpp" />
    <ClCompile Include="source\re\systems\CollisionSystem.cpp" />
    <ClCompile Include="source\re\scripting\lua\lapi.c" />
    <ClCompile Include="source\re\scripting\lua\lauxlib.c" />
    <ClCompile Include="source\re\scripting\lua\lbaselib.c" />
    <ClCompile Include="source\re\scripting\lua\lbitlib.c" />
    <ClCompile Include="source\re\scripting\lua\lcode.c" />
    <ClCompile Include="source\re\scripting\lua\lcorolib.c" />
    <ClCompile Include="source\re\scripting\lua\lctype.c" />
    <ClCompile Include="source\re\scripting\lua\ldblib.c" />
    <ClCompile Include="source\re\scripting\lua\ldebug.c" />
    <ClCompile Include="source\re\scripting\lua\ldo.c" />
    <ClCompile Include="source\re\scripting\lua\ldump.c" />
    <ClCompile Include="source\re\scripting\lua\lfunc.c" />
    <ClCompile Include="source\re\scripting\lua\lgc.c" />
    <ClCompile Include="source\re\scripting\lua\linit.c" />
    <ClCompile Include="source\re\scripting\lua\liolib.c" />
    <ClCompile Include="source\re\scripting\lua\llex.c" />
    <ClCompile Include="source\re\scripting\lua\lmathlib.c" />
    <ClCompile Include="source\re\scripting\lua\lmem.c" />
    <ClCompile Include="source\re\scripting\lua\loadlib.c" />
    <ClCompile Include="source\re\scripting\lua\lobject.c" />
    <ClCompile Include="source\re\scripting\lua\lopcodes.c" />
    <ClCompile Include="source\re\scripting\lua\loslib.c" />
    <ClCompile Include="source\re\scripting\lua\lparser.c" />
    <ClCompile Include="source\re\scripting\lua\lstate.c" />
    <ClCompile Include="source\re\scripting\lua\lstring.c" />
    <ClCompile Include="source\re\scripting\lua\lstrlib.c" />
    <ClCompile Include="source\re\scripting\lua\ltable.c" />
    <ClCompile Include="source\re\scripting\lua\ltablib.c" />
    <ClCompile Include="source\re\scripting\lua\ltm.c" />
    <ClCompile Include="source\re\scripting\lua\lua.c" />
    <ClCompile Include="source\re\scripting\lua\lundump.c" />
    <ClCompile Include="source\re\scripting\lua\lutf8lib.c" />
    <ClCompile Include="source\re\scripting\lua\lvm.c" />
    <ClCompile Include="source\re\scripting\lua\lzio.c" />
    <ClCompile Include="source\re\mapping\tmx\tmx.c" />
    <ClCompile Include="source\re\mapping\tmx\tmx_err.c" />
    <ClCompile Include="source\re\mapping\tmx\tmx_utils.c" />
    <ClCompile Include="source\re\mapping\tmx\tmx_xml.c" />
    <ClCompile Include="source\re\mapping\TMXMap.cpp" />
  </ItemGroup>
  <ItemGroup>
    <ClInclude Include="source\re\app\Application.hpp" />
    <ClInclude Include="source\re\app\World.hpp" />
    <ClInclude Include="source\re\audio\Music.hpp" />
    <ClInclude Include="source\re\audio\Sound.hpp" />
    <ClInclude Include="source\re\component\AnimatedSpriteComponent.hpp" />
    <ClInclude Include="source\re\component\EventComponent.hpp" />
    <ClInclude Include="source\re\component\MusicComponent.hpp" />
    <ClInclude Include="source\re\component\PositionComponent.hpp" />
    <ClInclude Include="source\re\component\SoundComponent.hpp" />
    <ClInclude Include="source\re\component\SpriteComponent.hpp" />
    <ClInclude Include="source\re\component\TextComponent.hpp" />
    <ClInclude Include="source\re\entity\Entity.hpp" />
    <ClInclude Include="source\re\graphics\AnimatedSprite.hpp" />
    <ClInclude Include="source\re\graphics\Animation.hpp" />
    <ClInclude Include="source\re\graphics\Group.hpp" />
    <ClInclude Include="source\re\graphics\Window.hpp" />
    <ClInclude Include="source\re\platform\POSIXLog.hpp" />
    <ClInclude Include="source\re\platform\Win32Log.hpp" />
    <ClInclude Include="source\re\services\vfs\sfmlphysfs.hpp" />
    <ClInclude Include="source\re\services\vfs\VFS.hpp" />
    <ClInclude Include="source\re\services\Config.hpp" />
    <ClInclude Include="source\re\services\ServiceLocator.hpp" />
    <ClInclude Include="source\re\systems\EventSystem.hpp" />
    <ClInclude Include="source\re\systems\MoveSystem.hpp" />
    <ClInclude Include="source\re\systems\RenderSystem.hpp" />
    <ClInclude Include="source\re\types\Component.hpp" />
    <ClInclude Include="source\re\types\Event.hpp" />
    <ClInclude Include="source\re\types\Service.hpp" />
    <ClInclude Include="source\re\types\System.hpp" />
    <ClInclude Include="source\re\types\Types.hpp" />
    <ClInclude Include="source\re\component\TimeComponent.hpp" />
    <ClInclude Include="source\re\graphics\FontManager.hpp" />
    <ClInclude Include="source\re\systems\StateManager.hpp" />
    <ClInclude Include="source\re\scripting\TGUISol2Bridge.hpp" />
    <ClInclude Include="source\re\mapping\Level.hpp" />
    <ClInclude Include="source\re\utility\Log.hpp" />
    <ClInclude Include="source\re\utility\Random.hpp" />
    <ClInclude Include="source\re\utility\Serialization.hpp" />
    <ClInclude Include="source\re\utility\Time.hpp" />
    <ClInclude Include="source\re\systems\CollisionSystem.hpp" />
    <ClInclude Include="source\re\scripting\lua\lapi.h" />
    <ClInclude Include="source\re\scripting\lua\lauxlib.h" />
    <ClInclude Include="source\re\scripting\lua\lcode.h" />
    <ClInclude Include="source\re\scripting\lua\lctype.h" />
    <ClInclude Include="source\re\scripting\lua\ldebug.h" />
    <ClInclude Include="source\re\scripting\lua\ldo.h" />
    <ClInclude Include="source\re\scripting\lua\lfunc.h" />
    <ClInclude Include="source\re\scripting\lua\lgc.h" />
    <ClInclude Include="source\re\scripting\lua\llex.h" />
    <ClInclude Include="source\re\scripting\lua\llimits.h" />
    <ClInclude Include="source\re\scripting\lua\lmem.h" />
    <ClInclude Include="source\re\scripting\lua\lobject.h" />
    <ClInclude Include="source\re\scripting\lua\lopcodes.h" />
    <ClInclude Include="source\re\scripting\lua\lparser.h" />
    <ClInclude Include="source\re\scripting\lua\lprefix.h" />
    <ClInclude Include="source\re\scripting\lua\lstate.h" />
    <ClInclude Include="source\re\scripting\lua\lstring.h" />
    <ClInclude Include="source\re\scripting\lua\ltable.h" />
    <ClInclude Include="source\re\scripting\lua\ltm.h" />
    <ClInclude Include="source\re\scripting\lua\lua.h" />
    <ClInclude Include="source\re\scripting\lua\lua.hpp" />
    <ClInclude Include="source\re\scripting\lua\luaconf.h" />
    <ClInclude Include="source\re\scripting\lua\lualib.h" />
    <ClInclude Include="source\re\scripting\lua\lundump.h" />
    <ClInclude Include="source\re\scripting\lua\lvm.h" />
    <ClInclude Include="source\re\scripting\lua\lzio.h" />
    <ClInclude Include="source\re\scripting\sol2\sol.hpp" />
    <ClInclude Include="source\re\mapping\tmx\tmx.h" />
    <ClInclude Include="source\re\mapping\tmx\tmx_utils.h" />
    <ClInclude Include="source\re\mapping\TMXSmartPointer.hpp" />
    <ClInclude Include="source\re\mapping\TMXMap.hpp" />
  </ItemGroup>
</Project>