<?xml version="1.0" encoding="utf-8"?>
<Project ToolsVersion="4.0" xmlns="http://schemas.microsoft.com/developer/msbuild/2003">
  <ItemGroup>
    <ClCompile Include="source\re\app\Application.cpp" />
    <ClCompile Include="source\re\services\World.cpp" />
    <ClCompile Include="source\re\utils\Log.cpp" />
    <ClCompile Include="source\re\services\ServiceLocator.cpp" />
    <ClCompile Include="source\re\services\vfs\VFS.cpp" />
    <ClCompile Include="source\re\services\vfs\sfPhysfsStream.cpp" />
    <ClCompile Include="source\re\services\Config.cpp" />
    <ClCompile Include="source\re\deps\lua\lapi.c" />
    <ClCompile Include="source\re\deps\lua\lauxlib.c" />
    <ClCompile Include="source\re\deps\lua\lbaselib.c" />
    <ClCompile Include="source\re\deps\lua\lbitlib.c" />
    <ClCompile Include="source\re\deps\lua\lcode.c" />
    <ClCompile Include="source\re\deps\lua\lcorolib.c" />
    <ClCompile Include="source\re\deps\lua\lctype.c" />
    <ClCompile Include="source\re\deps\lua\ldblib.c" />
    <ClCompile Include="source\re\deps\lua\ldebug.c" />
    <ClCompile Include="source\re\deps\lua\ldo.c" />
    <ClCompile Include="source\re\deps\lua\ldump.c" />
    <ClCompile Include="source\re\deps\lua\lfunc.c" />
    <ClCompile Include="source\re\deps\lua\lgc.c" />
    <ClCompile Include="source\re\deps\lua\linit.c" />
    <ClCompile Include="source\re\deps\lua\liolib.c" />
    <ClCompile Include="source\re\deps\lua\llex.c" />
    <ClCompile Include="source\re\deps\lua\lmathlib.c" />
    <ClCompile Include="source\re\deps\lua\lmem.c" />
    <ClCompile Include="source\re\deps\lua\loadlib.c" />
    <ClCompile Include="source\re\deps\lua\lobject.c" />
    <ClCompile Include="source\re\deps\lua\lopcodes.c" />
    <ClCompile Include="source\re\deps\lua\loslib.c" />
    <ClCompile Include="source\re\deps\lua\lparser.c" />
    <ClCompile Include="source\re\deps\lua\lstate.c" />
    <ClCompile Include="source\re\deps\lua\lstring.c" />
    <ClCompile Include="source\re\deps\lua\lstrlib.c" />
    <ClCompile Include="source\re\deps\lua\ltable.c" />
    <ClCompile Include="source\re\deps\lua\ltablib.c" />
    <ClCompile Include="source\re\deps\lua\ltm.c" />
    <ClCompile Include="source\re\deps\lua\lua.c" />
    <ClCompile Include="source\re\deps\lua\lundump.c" />
    <ClCompile Include="source\re\deps\lua\lutf8lib.c" />
    <ClCompile Include="source\re\deps\lua\lvm.c" />
    <ClCompile Include="source\re\deps\lua\lzio.c" />
    <ClCompile Include="source\re\utils\Random.cpp" />
    <ClCompile Include="source\re\entity\Entity.cpp" />
    <ClCompile Include="source\re\systems\state\StateSystem.cpp" />
    <ClCompile Include="source\re\systems\state\State.cpp" />
    <ClCompile Include="source\re\component\PositionComponent.cpp" />
    <ClCompile Include="source\re\systems\EventSystem.cpp" />
    <ClCompile Include="source\re\systems\RenderSystem.cpp" />
    <ClCompile Include="source\re\graphics\Group.cpp" />
    <ClCompile Include="source\re\component\AnimatedSpriteComponent.cpp" />
    <ClCompile Include="source\re\component\SpriteComponent.cpp" />
  </ItemGroup>
  <ItemGroup>
    <ClInclude Include="source\re\utils\Time.hpp" />
    <ClInclude Include="source\re\app\Application.hpp" />
    <ClInclude Include="source\re\services\World.hpp" />
    <ClInclude Include="source\re\services\Service.hpp" />
    <ClInclude Include="source\re\utils\Log.hpp" />
    <ClInclude Include="source\re\platform\Win32Log.hpp" />
    <ClInclude Include="source\re\platform\POSIXLog.hpp" />
    <ClInclude Include="source\re\systems\System.hpp" />
    <ClInclude Include="source\re\services\ServiceLocator.hpp" />
    <ClInclude Include="source\re\services\vfs\VFS.hpp" />
    <ClInclude Include="source\re\services\vfs\sfPhysfsStream.hpp" />
    <ClInclude Include="source\re\services\Config.hpp" />
    <ClInclude Include="source\re\deps\sol2\sol.hpp" />
    <ClInclude Include="source\re\deps\lua\lapi.h" />
    <ClInclude Include="source\re\deps\lua\lauxlib.h" />
    <ClInclude Include="source\re\deps\lua\lcode.h" />
    <ClInclude Include="source\re\deps\lua\lctype.h" />
    <ClInclude Include="source\re\deps\lua\ldebug.h" />
    <ClInclude Include="source\re\deps\lua\ldo.h" />
    <ClInclude Include="source\re\deps\lua\lfunc.h" />
    <ClInclude Include="source\re\deps\lua\lgc.h" />
    <ClInclude Include="source\re\deps\lua\llex.h" />
    <ClInclude Include="source\re\deps\lua\llimits.h" />
    <ClInclude Include="source\re\deps\lua\lmem.h" />
    <ClInclude Include="source\re\deps\lua\lobject.h" />
    <ClInclude Include="source\re\deps\lua\lopcodes.h" />
    <ClInclude Include="source\re\deps\lua\lparser.h" />
    <ClInclude Include="source\re\deps\lua\lprefix.h" />
    <ClInclude Include="source\re\deps\lua\lstate.h" />
    <ClInclude Include="source\re\deps\lua\lstring.h" />
    <ClInclude Include="source\re\deps\lua\ltable.h" />
    <ClInclude Include="source\re\deps\lua\ltm.h" />
    <ClInclude Include="source\re\deps\lua\lua.h" />
    <ClInclude Include="source\re\deps\lua\lua.hpp" />
    <ClInclude Include="source\re\deps\lua\luaconf.h" />
    <ClInclude Include="source\re\deps\lua\lualib.h" />
    <ClInclude Include="source\re\deps\lua\lundump.h" />
    <ClInclude Include="source\re\deps\lua\lvm.h" />
    <ClInclude Include="source\re\deps\lua\lzio.h" />
    <ClInclude Include="source\re\Types.hpp" />
    <ClInclude Include="source\re\utils\Random.hpp" />
    <ClInclude Include="source\re\entity\Entity.hpp" />
    <ClInclude Include="source\re\component\Component.hpp" />
    <ClInclude Include="source\re\systems\state\State.hpp" />
    <ClInclude Include="source\re\systems\state\StateSystem.hpp" />
    <ClInclude Include="source\re\systems\state\StateIdentifiers.hpp" />
    <ClInclude Include="source\re\component\PositionComponent.hpp" />
    <ClInclude Include="source\re\systems\RenderSystem.hpp" />
    <ClInclude Include="source\re\systems\EventSystem.hpp" />
    <ClInclude Include="source\re\events\Event.hpp" />
    <ClInclude Include="source\re\graphics\Group.hpp" />
    <ClInclude Include="source\re\component\AnimatedSpriteComponent.hpp" />
    <ClInclude Include="source\re\component\SpriteComponent.hpp" />
  </ItemGroup>
</Project>