<?xml version="1.0" encoding="utf-8"?>
<Project ToolsVersion="4.0" xmlns="http://schemas.microsoft.com/developer/msbuild/2003">
  <ItemGroup>
    <ClCompile Include="src\frb\Context.cpp" />
    <ClCompile Include="src\frb\audio\Music.cpp" />
    <ClCompile Include="src\frb\buffer\BufferStream.cpp" />
    <ClCompile Include="src\frb\detail\Error.cpp" />
    <ClCompile Include="src\frb\detail\Source.cpp" />
    <ClCompile Include="src\frb\buffer\Buffer.cpp" />
    <ClCompile Include="src\frb\audio\Sound.cpp" />
    <ClCompile Include="src\frb\audio\Playlist.cpp" />
    <ClCompile Include="src\frb\detail\SourceManipulator.cpp" />
  </ItemGroup>
  <ItemGroup>
    <ClInclude Include="src\frb\Context.hpp" />
    <ClInclude Include="src\frb\audio\Music.hpp" />
    <ClInclude Include="src\frb\buffer\BufferStream.hpp" />
    <ClInclude Include="src\frb\detail\Error.hpp" />
    <ClInclude Include="src\frb\detail\Source.hpp" />
    <ClInclude Include="src\frb\buffer\Buffer.hpp" />
    <ClInclude Include="src\frb\audio\Sound.hpp" />
    <ClInclude Include="src\frb\audio\Playlist.hpp" />
    <ClInclude Include="src\frb\detail\SourceManipulator.hpp" />
  </ItemGroup>
</Project>