<?xml version="1.0" encoding="utf-8"?>
<Project ToolsVersion="4.0" xmlns="http://schemas.microsoft.com/developer/msbuild/2003">
  <ItemGroup>
    <Text Include="todo.txt" />
  </ItemGroup>
  <ItemGroup>
    <ClInclude Include="src\celestial\compat\Colour.hpp" />
    <ClInclude Include="src\celestial\compat\Font.hpp" />
    <ClInclude Include="src\celestial\compat\Renderer.hpp" />
    <ClInclude Include="src\celestial\compat\ResourceLoader.hpp" />
    <ClInclude Include="src\celestial\compat\Texture.hpp" />
    <ClInclude Include="src\celestial\events\KeyCharEvent.hpp" />
    <ClInclude Include="src\celestial\events\KeyDownEvent.hpp" />
    <ClInclude Include="src\celestial\events\KeyUpEvent.hpp" />
    <ClInclude Include="src\celestial\events\MouseMovedEvent.hpp" />
    <ClInclude Include="src\celestial\events\MousePressedEvent.hpp" />
    <ClInclude Include="src\celestial\events\MouseReleasedEvent.hpp" />
    <ClInclude Include="src\celestial\internal\Rect.hpp" />
    <ClInclude Include="src\celestial\ui\Panel.hpp" />
    <ClInclude Include="src\celestial\ui\Tooltip.hpp" />
    <ClInclude Include="src\celestial\ui\UI.hpp" />
    <ClInclude Include="src\celestial\ui\UITheme.hpp" />
    <ClInclude Include="src\celestial\ui\Widget.hpp" />
    <ClInclude Include="src\celestial\widgets\Button.hpp" />
    <ClInclude Include="src\celestial\widgets\Image.hpp" />
    <ClInclude Include="src\celestial\widgets\Label.hpp" />
    <ClInclude Include="src\celestial\widgets\ProgressBar.hpp" />
    <ClInclude Include="src\celestial\widgets\Slider.hpp" />
    <ClInclude Include="src\celestial\widgets\Textbox.hpp" />
    <ClInclude Include="src\celestial\widgets\ToggleButton.hpp" />
    <ClInclude Include="src\celestial\Config.hpp" />
  </ItemGroup>
  <ItemGroup>
    <ClCompile Include="src\celestial\ui\Panel.cpp" />
    <ClCompile Include="src\celestial\ui\Tooltip.cpp" />
    <ClCompile Include="src\celestial\ui\UI.cpp" />
    <ClCompile Include="src\celestial\ui\UITheme.cpp" />
    <ClCompile Include="src\celestial\ui\Widget.cpp" />
    <ClCompile Include="src\celestial\widgets\Button.cpp" />
    <ClCompile Include="src\celestial\widgets\Image.cpp" />
    <ClCompile Include="src\celestial\widgets\Label.cpp" />
    <ClCompile Include="src\celestial\widgets\ProgressBar.cpp" />
    <ClCompile Include="src\celestial\widgets\Slider.cpp" />
    <ClCompile Include="src\celestial\widgets\Textbox.cpp" />
    <ClCompile Include="src\celestial\widgets\ToggleButton.cpp" />
  </ItemGroup>
</Project>