<?xml version="1.0" encoding="utf-8"?>
<Project ToolsVersion="4.0" xmlns="http://schemas.microsoft.com/developer/msbuild/2003">
  <ItemGroup>
    <ClCompile Include="src\celestial\UITheme.cpp" />
    <ClCompile Include="src\celestial\UI.cpp" />
    <ClCompile Include="src\celestial\Widget.cpp" />
  </ItemGroup>
  <ItemGroup>
    <ClInclude Include="src\celestial\UITheme.hpp" />
    <ClInclude Include="src\celestial\Types.hpp" />
    <ClInclude Include="src\celestial\UI.hpp" />
    <ClInclude Include="src\celestial\Widget.hpp" />
  </ItemGroup>
</Project>